// !$*UTF8*$!
{
	archiveVersion = 1;
	classes = {
	};
	objectVersion = 50;
	objects = {

/* Begin PBXBuildFile section */
		6512504F222A19CA00F9D461 /* AppDelegate.m in Sources */ = {isa = PBXBuildFile; fileRef = 6512504E222A19CA00F9D461 /* AppDelegate.m */; };
		65125052222A19CA00F9D461 /* ViewController.m in Sources */ = {isa = PBXBuildFile; fileRef = 65125051222A19CA00F9D461 /* ViewController.m */; };
		65125055222A19CA00F9D461 /* Main.storyboard in Resources */ = {isa = PBXBuildFile; fileRef = 65125053222A19CA00F9D461 /* Main.storyboard */; };
		65125057222A19CB00F9D461 /* Assets.xcassets in Resources */ = {isa = PBXBuildFile; fileRef = 65125056222A19CB00F9D461 /* Assets.xcassets */; };
		6512505A222A19CB00F9D461 /* LaunchScreen.storyboard in Resources */ = {isa = PBXBuildFile; fileRef = 65125058222A19CB00F9D461 /* LaunchScreen.storyboard */; };
		6512505D222A19CB00F9D461 /* main.m in Sources */ = {isa = PBXBuildFile; fileRef = 6512505C222A19CB00F9D461 /* main.m */; };
		65125063222A19E700F9D461 /* MObject.m in Sources */ = {isa = PBXBuildFile; fileRef = 65125062222A19E700F9D461 /* MObject.m */; };
		65125066222A19F700F9D461 /* MObserver.m in Sources */ = {isa = PBXBuildFile; fileRef = 65125065222A19F700F9D461 /* MObserver.m */; };
		6512506F222A827800F9D461 /* AppDelegate.m in Sources */ = {isa = PBXBuildFile; fileRef = 6512506E222A827800F9D461 /* AppDelegate.m */; };
		65125072222A827800F9D461 /* ViewController.m in Sources */ = {isa = PBXBuildFile; fileRef = 65125071222A827800F9D461 /* ViewController.m */; };
		65125075222A827800F9D461 /* Main.storyboard in Resources */ = {isa = PBXBuildFile; fileRef = 65125073222A827800F9D461 /* Main.storyboard */; };
		65125077222A827900F9D461 /* Assets.xcassets in Resources */ = {isa = PBXBuildFile; fileRef = 65125076222A827900F9D461 /* Assets.xcassets */; };
		6512507A222A827900F9D461 /* LaunchScreen.storyboard in Resources */ = {isa = PBXBuildFile; fileRef = 65125078222A827900F9D461 /* LaunchScreen.storyboard */; };
		6512507D222A827900F9D461 /* main.m in Sources */ = {isa = PBXBuildFile; fileRef = 6512507C222A827900F9D461 /* main.m */; };
		65125083222A829100F9D461 /* RuntimeObject.m in Sources */ = {isa = PBXBuildFile; fileRef = 65125082222A829100F9D461 /* RuntimeObject.m */; };
		655E5132222822CD0032E481 /* main.m in Sources */ = {isa = PBXBuildFile; fileRef = 655E5131222822CD0032E481 /* main.m */; };
		655E513B222823230032E481 /* IncorrectUserModel.m in Sources */ = {isa = PBXBuildFile; fileRef = 655E5137222823220032E481 /* IncorrectUserModel.m */; };
		655E513C222823230032E481 /* UserModel.m in Sources */ = {isa = PBXBuildFile; fileRef = 655E5138222823220032E481 /* UserModel.m */; };
		656C3F47222EBF020011E91B /* main.m in Sources */ = {isa = PBXBuildFile; fileRef = 656C3F46222EBF020011E91B /* main.m */; };
		656C3F4D222EBF180011E91B /* BusinessObject.m in Sources */ = {isa = PBXBuildFile; fileRef = 656C3F4C222EBF180011E91B /* BusinessObject.m */; };
		656C3F55222ECD270011E91B /* main.m in Sources */ = {isa = PBXBuildFile; fileRef = 656C3F54222ECD270011E91B /* main.m */; };
		656C3F5B222ECD5B0011E91B /* BaseObjectA.m in Sources */ = {isa = PBXBuildFile; fileRef = 656C3F5A222ECD5B0011E91B /* BaseObjectA.m */; };
		656C3F5E222ECD6B0011E91B /* BaseObjectB.m in Sources */ = {isa = PBXBuildFile; fileRef = 656C3F5D222ECD6B0011E91B /* BaseObjectB.m */; };
		656C3F61222ECE360011E91B /* ObjectB1.m in Sources */ = {isa = PBXBuildFile; fileRef = 656C3F60222ECE360011E91B /* ObjectB1.m */; };
		656C3F64222ECE990011E91B /* ObjectB2.m in Sources */ = {isa = PBXBuildFile; fileRef = 656C3F63222ECE990011E91B /* ObjectB2.m */; };
		656C3F67222ECEB00011E91B /* ObjectA1.m in Sources */ = {isa = PBXBuildFile; fileRef = 656C3F66222ECEB00011E91B /* ObjectA1.m */; };
		656C3F6A222ECEC10011E91B /* ObjectA2.m in Sources */ = {isa = PBXBuildFile; fileRef = 656C3F69222ECEC10011E91B /* ObjectA2.m */; };
		656C3F6D222ECF770011E91B /* BridgeDemo.m in Sources */ = {isa = PBXBuildFile; fileRef = 656C3F6C222ECF770011E91B /* BridgeDemo.m */; };
		658799A2222865E0004C2579 /* AppDelegate.m in Sources */ = {isa = PBXBuildFile; fileRef = 658799A1222865E0004C2579 /* AppDelegate.m */; };
		658799A5222865E0004C2579 /* ViewController.m in Sources */ = {isa = PBXBuildFile; fileRef = 658799A4222865E0004C2579 /* ViewController.m */; };
		658799A8222865E0004C2579 /* Main.storyboard in Resources */ = {isa = PBXBuildFile; fileRef = 658799A6222865E0004C2579 /* Main.storyboard */; };
		658799AA222865E1004C2579 /* Assets.xcassets in Resources */ = {isa = PBXBuildFile; fileRef = 658799A9222865E1004C2579 /* Assets.xcassets */; };
		658799AD222865E1004C2579 /* LaunchScreen.storyboard in Resources */ = {isa = PBXBuildFile; fileRef = 658799AB222865E1004C2579 /* LaunchScreen.storyboard */; };
		658799B0222865E1004C2579 /* main.m in Sources */ = {isa = PBXBuildFile; fileRef = 658799AF222865E1004C2579 /* main.m */; };
		658799B622286605004C2579 /* ViewReusePool.m in Sources */ = {isa = PBXBuildFile; fileRef = 658799B522286605004C2579 /* ViewReusePool.m */; };
		658799B9222868EA004C2579 /* IndexedTableView.m in Sources */ = {isa = PBXBuildFile; fileRef = 658799B8222868EA004C2579 /* IndexedTableView.m */; };
		6595B7C7222F491900D08570 /* main.m in Sources */ = {isa = PBXBuildFile; fileRef = 6595B7C6222F491900D08570 /* main.m */; };
		6595B7CD222F492B00D08570 /* Target.m in Sources */ = {isa = PBXBuildFile; fileRef = 6595B7CC222F492B00D08570 /* Target.m */; };
		6595B7D0222F496D00D08570 /* CoolTarget.m in Sources */ = {isa = PBXBuildFile; fileRef = 6595B7CF222F496D00D08570 /* CoolTarget.m */; };
		6595B7D8222F4B1000D08570 /* main.m in Sources */ = {isa = PBXBuildFile; fileRef = 6595B7D7222F4B1000D08570 /* main.m */; };
		6595B7DE222F4B2100D08570 /* Mooc.m in Sources */ = {isa = PBXBuildFile; fileRef = 6595B7DD222F4B2100D08570 /* Mooc.m */; };
		6595B7E6222F50BE00D08570 /* main.m in Sources */ = {isa = PBXBuildFile; fileRef = 6595B7E5222F50BE00D08570 /* main.m */; };
		6595B7EC222F50CD00D08570 /* Command.m in Sources */ = {isa = PBXBuildFile; fileRef = 6595B7EB222F50CD00D08570 /* Command.m */; };
		6595B7EF222F50D700D08570 /* CommandManager.m in Sources */ = {isa = PBXBuildFile; fileRef = 6595B7EE222F50D700D08570 /* CommandManager.m */; };
		65B7961B2228A2080010024F /* AppDelegate.m in Sources */ = {isa = PBXBuildFile; fileRef = 65B7961A2228A2080010024F /* AppDelegate.m */; };
		65B7961E2228A2080010024F /* ViewController.m in Sources */ = {isa = PBXBuildFile; fileRef = 65B7961D2228A2080010024F /* ViewController.m */; };
		65B796212228A2080010024F /* Main.storyboard in Resources */ = {isa = PBXBuildFile; fileRef = 65B7961F2228A2080010024F /* Main.storyboard */; };
		65B796232228A2090010024F /* Assets.xcassets in Resources */ = {isa = PBXBuildFile; fileRef = 65B796222228A2090010024F /* Assets.xcassets */; };
		65B796262228A2090010024F /* LaunchScreen.storyboard in Resources */ = {isa = PBXBuildFile; fileRef = 65B796242228A2090010024F /* LaunchScreen.storyboard */; };
		65B796292228A2090010024F /* main.m in Sources */ = {isa = PBXBuildFile; fileRef = 65B796282228A2090010024F /* main.m */; };
		65B7962F2228A22C0010024F /* CustomButton.m in Sources */ = {isa = PBXBuildFile; fileRef = 65B7962E2228A22C0010024F /* CustomButton.m */; };
		65FCE122222BBB1100EABCFE /* AppDelegate.m in Sources */ = {isa = PBXBuildFile; fileRef = 65FCE121222BBB1100EABCFE /* AppDelegate.m */; };
		65FCE125222BBB1100EABCFE /* ViewController.m in Sources */ = {isa = PBXBuildFile; fileRef = 65FCE124222BBB1100EABCFE /* ViewController.m */; };
		65FCE128222BBB1100EABCFE /* Main.storyboard in Resources */ = {isa = PBXBuildFile; fileRef = 65FCE126222BBB1100EABCFE /* Main.storyboard */; };
		65FCE12A222BBB1200EABCFE /* Assets.xcassets in Resources */ = {isa = PBXBuildFile; fileRef = 65FCE129222BBB1200EABCFE /* Assets.xcassets */; };
		65FCE12D222BBB1200EABCFE /* LaunchScreen.storyboard in Resources */ = {isa = PBXBuildFile; fileRef = 65FCE12B222BBB1200EABCFE /* LaunchScreen.storyboard */; };
		65FCE130222BBB1200EABCFE /* main.m in Sources */ = {isa = PBXBuildFile; fileRef = 65FCE12F222BBB1200EABCFE /* main.m */; };
		65FCE138222BBB8000EABCFE /* NSTimer+WeakTimer.m in Sources */ = {isa = PBXBuildFile; fileRef = 65FCE137222BBB8000EABCFE /* NSTimer+WeakTimer.m */; };
		65FCE140222C32C300EABCFE /* main.m in Sources */ = {isa = PBXBuildFile; fileRef = 65FCE13F222C32C300EABCFE /* main.m */; };
		65FCE14B222CB32D00EABCFE /* main.m in Sources */ = {isa = PBXBuildFile; fileRef = 65FCE14A222CB32D00EABCFE /* main.m */; };
		65FCE151222CB34700EABCFE /* UserCenter.m in Sources */ = {isa = PBXBuildFile; fileRef = 65FCE150222CB34700EABCFE /* UserCenter.m */; };
		65FCE159222CB55F00EABCFE /* main.m in Sources */ = {isa = PBXBuildFile; fileRef = 65FCE158222CB55F00EABCFE /* main.m */; };
		65FCE15F222CB56F00EABCFE /* GroupObject.m in Sources */ = {isa = PBXBuildFile; fileRef = 65FCE15E222CB56F00EABCFE /* GroupObject.m */; };
/* End PBXBuildFile section */

/* Begin PBXCopyFilesBuildPhase section */
		655E512D222822CD0032E481 /* CopyFiles */ = {
			isa = PBXCopyFilesBuildPhase;
			buildActionMask = 2147483647;
			dstPath = /usr/share/man/man1/;
			dstSubfolderSpec = 0;
			files = (
			);
			runOnlyForDeploymentPostprocessing = 1;
		};
		656C3F42222EBF020011E91B /* CopyFiles */ = {
			isa = PBXCopyFilesBuildPhase;
			buildActionMask = 2147483647;
			dstPath = /usr/share/man/man1/;
			dstSubfolderSpec = 0;
			files = (
			);
			runOnlyForDeploymentPostprocessing = 1;
		};
		656C3F50222ECD270011E91B /* CopyFiles */ = {
			isa = PBXCopyFilesBuildPhase;
			buildActionMask = 2147483647;
			dstPath = /usr/share/man/man1/;
			dstSubfolderSpec = 0;
			files = (
			);
			runOnlyForDeploymentPostprocessing = 1;
		};
		6595B7C2222F491900D08570 /* CopyFiles */ = {
			isa = PBXCopyFilesBuildPhase;
			buildActionMask = 2147483647;
			dstPath = /usr/share/man/man1/;
			dstSubfolderSpec = 0;
			files = (
			);
			runOnlyForDeploymentPostprocessing = 1;
		};
		6595B7D3222F4B1000D08570 /* CopyFiles */ = {
			isa = PBXCopyFilesBuildPhase;
			buildActionMask = 2147483647;
			dstPath = /usr/share/man/man1/;
			dstSubfolderSpec = 0;
			files = (
			);
			runOnlyForDeploymentPostprocessing = 1;
		};
		6595B7E1222F50BE00D08570 /* CopyFiles */ = {
			isa = PBXCopyFilesBuildPhase;
			buildActionMask = 2147483647;
			dstPath = /usr/share/man/man1/;
			dstSubfolderSpec = 0;
			files = (
			);
			runOnlyForDeploymentPostprocessing = 1;
		};
		65FCE13B222C32C300EABCFE /* CopyFiles */ = {
			isa = PBXCopyFilesBuildPhase;
			buildActionMask = 2147483647;
			dstPath = /usr/share/man/man1/;
			dstSubfolderSpec = 0;
			files = (
			);
			runOnlyForDeploymentPostprocessing = 1;
		};
		65FCE146222CB32D00EABCFE /* CopyFiles */ = {
			isa = PBXCopyFilesBuildPhase;
			buildActionMask = 2147483647;
			dstPath = /usr/share/man/man1/;
			dstSubfolderSpec = 0;
			files = (
			);
			runOnlyForDeploymentPostprocessing = 1;
		};
		65FCE154222CB55E00EABCFE /* CopyFiles */ = {
			isa = PBXCopyFilesBuildPhase;
			buildActionMask = 2147483647;
			dstPath = /usr/share/man/man1/;
			dstSubfolderSpec = 0;
			files = (
			);
			runOnlyForDeploymentPostprocessing = 1;
		};
/* End PBXCopyFilesBuildPhase section */

/* Begin PBXFileReference section */
		6512504B222A19CA00F9D461 /* KVO_TEST.app */ = {isa = PBXFileReference; explicitFileType = wrapper.application; includeInIndex = 0; path = KVO_TEST.app; sourceTree = BUILT_PRODUCTS_DIR; };
		6512504D222A19CA00F9D461 /* AppDelegate.h */ = {isa = PBXFileReference; lastKnownFileType = sourcecode.c.h; path = AppDelegate.h; sourceTree = "<group>"; };
		6512504E222A19CA00F9D461 /* AppDelegate.m */ = {isa = PBXFileReference; lastKnownFileType = sourcecode.c.objc; path = AppDelegate.m; sourceTree = "<group>"; };
		65125050222A19CA00F9D461 /* ViewController.h */ = {isa = PBXFileReference; lastKnownFileType = sourcecode.c.h; path = ViewController.h; sourceTree = "<group>"; };
		65125051222A19CA00F9D461 /* ViewController.m */ = {isa = PBXFileReference; lastKnownFileType = sourcecode.c.objc; path = ViewController.m; sourceTree = "<group>"; };
		65125054222A19CA00F9D461 /* Base */ = {isa = PBXFileReference; lastKnownFileType = file.storyboard; name = Base; path = Base.lproj/Main.storyboard; sourceTree = "<group>"; };
		65125056222A19CB00F9D461 /* Assets.xcassets */ = {isa = PBXFileReference; lastKnownFileType = folder.assetcatalog; path = Assets.xcassets; sourceTree = "<group>"; };
		65125059222A19CB00F9D461 /* Base */ = {isa = PBXFileReference; lastKnownFileType = file.storyboard; name = Base; path = Base.lproj/LaunchScreen.storyboard; sourceTree = "<group>"; };
		6512505B222A19CB00F9D461 /* Info.plist */ = {isa = PBXFileReference; lastKnownFileType = text.plist.xml; path = Info.plist; sourceTree = "<group>"; };
		6512505C222A19CB00F9D461 /* main.m */ = {isa = PBXFileReference; lastKnownFileType = sourcecode.c.objc; path = main.m; sourceTree = "<group>"; };
		65125061222A19E700F9D461 /* MObject.h */ = {isa = PBXFileReference; lastKnownFileType = sourcecode.c.h; path = MObject.h; sourceTree = "<group>"; };
		65125062222A19E700F9D461 /* MObject.m */ = {isa = PBXFileReference; lastKnownFileType = sourcecode.c.objc; path = MObject.m; sourceTree = "<group>"; };
		65125064222A19F700F9D461 /* MObserver.h */ = {isa = PBXFileReference; lastKnownFileType = sourcecode.c.h; path = MObserver.h; sourceTree = "<group>"; };
		65125065222A19F700F9D461 /* MObserver.m */ = {isa = PBXFileReference; lastKnownFileType = sourcecode.c.objc; path = MObserver.m; sourceTree = "<group>"; };
		6512506B222A827700F9D461 /* RuntimeTest.app */ = {isa = PBXFileReference; explicitFileType = wrapper.application; includeInIndex = 0; path = RuntimeTest.app; sourceTree = BUILT_PRODUCTS_DIR; };
		6512506D222A827800F9D461 /* AppDelegate.h */ = {isa = PBXFileReference; lastKnownFileType = sourcecode.c.h; path = AppDelegate.h; sourceTree = "<group>"; };
		6512506E222A827800F9D461 /* AppDelegate.m */ = {isa = PBXFileReference; lastKnownFileType = sourcecode.c.objc; path = AppDelegate.m; sourceTree = "<group>"; };
		65125070222A827800F9D461 /* ViewController.h */ = {isa = PBXFileReference; lastKnownFileType = sourcecode.c.h; path = ViewController.h; sourceTree = "<group>"; };
		65125071222A827800F9D461 /* ViewController.m */ = {isa = PBXFileReference; lastKnownFileType = sourcecode.c.objc; path = ViewController.m; sourceTree = "<group>"; };
		65125074222A827800F9D461 /* Base */ = {isa = PBXFileReference; lastKnownFileType = file.storyboard; name = Base; path = Base.lproj/Main.storyboard; sourceTree = "<group>"; };
		65125076222A827900F9D461 /* Assets.xcassets */ = {isa = PBXFileReference; lastKnownFileType = folder.assetcatalog; path = Assets.xcassets; sourceTree = "<group>"; };
		65125079222A827900F9D461 /* Base */ = {isa = PBXFileReference; lastKnownFileType = file.storyboard; name = Base; path = Base.lproj/LaunchScreen.storyboard; sourceTree = "<group>"; };
		6512507B222A827900F9D461 /* Info.plist */ = {isa = PBXFileReference; lastKnownFileType = text.plist.xml; path = Info.plist; sourceTree = "<group>"; };
		6512507C222A827900F9D461 /* main.m */ = {isa = PBXFileReference; lastKnownFileType = sourcecode.c.objc; path = main.m; sourceTree = "<group>"; };
		65125081222A829100F9D461 /* RuntimeObject.h */ = {isa = PBXFileReference; lastKnownFileType = sourcecode.c.h; path = RuntimeObject.h; sourceTree = "<group>"; };
		65125082222A829100F9D461 /* RuntimeObject.m */ = {isa = PBXFileReference; lastKnownFileType = sourcecode.c.objc; path = RuntimeObject.m; sourceTree = "<group>"; };
		655E512F222822CD0032E481 /* CodingStyle */ = {isa = PBXFileReference; explicitFileType = "compiled.mach-o.executable"; includeInIndex = 0; path = CodingStyle; sourceTree = BUILT_PRODUCTS_DIR; };
		655E5131222822CD0032E481 /* main.m */ = {isa = PBXFileReference; lastKnownFileType = sourcecode.c.objc; path = main.m; sourceTree = "<group>"; };
		655E5137222823220032E481 /* IncorrectUserModel.m */ = {isa = PBXFileReference; fileEncoding = 4; lastKnownFileType = sourcecode.c.objc; path = IncorrectUserModel.m; sourceTree = "<group>"; };
		655E5138222823220032E481 /* UserModel.m */ = {isa = PBXFileReference; fileEncoding = 4; lastKnownFileType = sourcecode.c.objc; path = UserModel.m; sourceTree = "<group>"; };
		655E5139222823220032E481 /* IncorrectUserModel.h */ = {isa = PBXFileReference; fileEncoding = 4; lastKnownFileType = sourcecode.c.h; path = IncorrectUserModel.h; sourceTree = "<group>"; };
		655E513A222823220032E481 /* UserModel.h */ = {isa = PBXFileReference; fileEncoding = 4; lastKnownFileType = sourcecode.c.h; path = UserModel.h; sourceTree = "<group>"; };
		656C3F44222EBF020011E91B /* Responder */ = {isa = PBXFileReference; explicitFileType = "compiled.mach-o.executable"; includeInIndex = 0; path = Responder; sourceTree = BUILT_PRODUCTS_DIR; };
		656C3F46222EBF020011E91B /* main.m */ = {isa = PBXFileReference; lastKnownFileType = sourcecode.c.objc; path = main.m; sourceTree = "<group>"; };
		656C3F4B222EBF180011E91B /* BusinessObject.h */ = {isa = PBXFileReference; lastKnownFileType = sourcecode.c.h; path = BusinessObject.h; sourceTree = "<group>"; };
		656C3F4C222EBF180011E91B /* BusinessObject.m */ = {isa = PBXFileReference; lastKnownFileType = sourcecode.c.objc; path = BusinessObject.m; sourceTree = "<group>"; };
		656C3F52222ECD270011E91B /* Bridge */ = {isa = PBXFileReference; explicitFileType = "compiled.mach-o.executable"; includeInIndex = 0; path = Bridge; sourceTree = BUILT_PRODUCTS_DIR; };
		656C3F54222ECD270011E91B /* main.m */ = {isa = PBXFileReference; lastKnownFileType = sourcecode.c.objc; path = main.m; sourceTree = "<group>"; };
		656C3F59222ECD5B0011E91B /* BaseObjectA.h */ = {isa = PBXFileReference; lastKnownFileType = sourcecode.c.h; path = BaseObjectA.h; sourceTree = "<group>"; };
		656C3F5A222ECD5B0011E91B /* BaseObjectA.m */ = {isa = PBXFileReference; lastKnownFileType = sourcecode.c.objc; path = BaseObjectA.m; sourceTree = "<group>"; };
		656C3F5C222ECD6B0011E91B /* BaseObjectB.h */ = {isa = PBXFileReference; lastKnownFileType = sourcecode.c.h; path = BaseObjectB.h; sourceTree = "<group>"; };
		656C3F5D222ECD6B0011E91B /* BaseObjectB.m */ = {isa = PBXFileReference; lastKnownFileType = sourcecode.c.objc; path = BaseObjectB.m; sourceTree = "<group>"; };
		656C3F5F222ECE360011E91B /* ObjectB1.h */ = {isa = PBXFileReference; lastKnownFileType = sourcecode.c.h; path = ObjectB1.h; sourceTree = "<group>"; };
		656C3F60222ECE360011E91B /* ObjectB1.m */ = {isa = PBXFileReference; lastKnownFileType = sourcecode.c.objc; path = ObjectB1.m; sourceTree = "<group>"; };
		656C3F62222ECE990011E91B /* ObjectB2.h */ = {isa = PBXFileReference; lastKnownFileType = sourcecode.c.h; path = ObjectB2.h; sourceTree = "<group>"; };
		656C3F63222ECE990011E91B /* ObjectB2.m */ = {isa = PBXFileReference; lastKnownFileType = sourcecode.c.objc; path = ObjectB2.m; sourceTree = "<group>"; };
		656C3F65222ECEB00011E91B /* ObjectA1.h */ = {isa = PBXFileReference; lastKnownFileType = sourcecode.c.h; path = ObjectA1.h; sourceTree = "<group>"; };
		656C3F66222ECEB00011E91B /* ObjectA1.m */ = {isa = PBXFileReference; lastKnownFileType = sourcecode.c.objc; path = ObjectA1.m; sourceTree = "<group>"; };
		656C3F68222ECEC10011E91B /* ObjectA2.h */ = {isa = PBXFileReference; lastKnownFileType = sourcecode.c.h; path = ObjectA2.h; sourceTree = "<group>"; };
		656C3F69222ECEC10011E91B /* ObjectA2.m */ = {isa = PBXFileReference; lastKnownFileType = sourcecode.c.objc; path = ObjectA2.m; sourceTree = "<group>"; };
		656C3F6B222ECF770011E91B /* BridgeDemo.h */ = {isa = PBXFileReference; lastKnownFileType = sourcecode.c.h; path = BridgeDemo.h; sourceTree = "<group>"; };
		656C3F6C222ECF770011E91B /* BridgeDemo.m */ = {isa = PBXFileReference; lastKnownFileType = sourcecode.c.objc; path = BridgeDemo.m; sourceTree = "<group>"; };
		6587999E222865E0004C2579 /* IndexedBar.app */ = {isa = PBXFileReference; explicitFileType = wrapper.application; includeInIndex = 0; path = IndexedBar.app; sourceTree = BUILT_PRODUCTS_DIR; };
		658799A0222865E0004C2579 /* AppDelegate.h */ = {isa = PBXFileReference; lastKnownFileType = sourcecode.c.h; path = AppDelegate.h; sourceTree = "<group>"; };
		658799A1222865E0004C2579 /* AppDelegate.m */ = {isa = PBXFileReference; lastKnownFileType = sourcecode.c.objc; path = AppDelegate.m; sourceTree = "<group>"; };
		658799A3222865E0004C2579 /* ViewController.h */ = {isa = PBXFileReference; lastKnownFileType = sourcecode.c.h; path = ViewController.h; sourceTree = "<group>"; };
		658799A4222865E0004C2579 /* ViewController.m */ = {isa = PBXFileReference; lastKnownFileType = sourcecode.c.objc; path = ViewController.m; sourceTree = "<group>"; };
		658799A7222865E0004C2579 /* Base */ = {isa = PBXFileReference; lastKnownFileType = file.storyboard; name = Base; path = Base.lproj/Main.storyboard; sourceTree = "<group>"; };
		658799A9222865E1004C2579 /* Assets.xcassets */ = {isa = PBXFileReference; lastKnownFileType = folder.assetcatalog; path = Assets.xcassets; sourceTree = "<group>"; };
		658799AC222865E1004C2579 /* Base */ = {isa = PBXFileReference; lastKnownFileType = file.storyboard; name = Base; path = Base.lproj/LaunchScreen.storyboard; sourceTree = "<group>"; };
		658799AE222865E1004C2579 /* Info.plist */ = {isa = PBXFileReference; lastKnownFileType = text.plist.xml; path = Info.plist; sourceTree = "<group>"; };
		658799AF222865E1004C2579 /* main.m */ = {isa = PBXFileReference; lastKnownFileType = sourcecode.c.objc; path = main.m; sourceTree = "<group>"; };
		658799B422286605004C2579 /* ViewReusePool.h */ = {isa = PBXFileReference; lastKnownFileType = sourcecode.c.h; path = ViewReusePool.h; sourceTree = "<group>"; };
		658799B522286605004C2579 /* ViewReusePool.m */ = {isa = PBXFileReference; lastKnownFileType = sourcecode.c.objc; path = ViewReusePool.m; sourceTree = "<group>"; };
		658799B7222868EA004C2579 /* IndexedTableView.h */ = {isa = PBXFileReference; lastKnownFileType = sourcecode.c.h; path = IndexedTableView.h; sourceTree = "<group>"; };
		658799B8222868EA004C2579 /* IndexedTableView.m */ = {isa = PBXFileReference; lastKnownFileType = sourcecode.c.objc; path = IndexedTableView.m; sourceTree = "<group>"; };
		6595B7C4222F491900D08570 /* Adapter */ = {isa = PBXFileReference; explicitFileType = "compiled.mach-o.executable"; includeInIndex = 0; path = Adapter; sourceTree = BUILT_PRODUCTS_DIR; };
		6595B7C6222F491900D08570 /* main.m */ = {isa = PBXFileReference; lastKnownFileType = sourcecode.c.objc; path = main.m; sourceTree = "<group>"; };
		6595B7CB222F492B00D08570 /* Target.h */ = {isa = PBXFileReference; lastKnownFileType = sourcecode.c.h; path = Target.h; sourceTree = "<group>"; };
		6595B7CC222F492B00D08570 /* Target.m */ = {isa = PBXFileReference; lastKnownFileType = sourcecode.c.objc; path = Target.m; sourceTree = "<group>"; };
		6595B7CE222F496D00D08570 /* CoolTarget.h */ = {isa = PBXFileReference; lastKnownFileType = sourcecode.c.h; path = CoolTarget.h; sourceTree = "<group>"; };
		6595B7CF222F496D00D08570 /* CoolTarget.m */ = {isa = PBXFileReference; lastKnownFileType = sourcecode.c.objc; path = CoolTarget.m; sourceTree = "<group>"; };
		6595B7D5222F4B1000D08570 /* SingleInstance */ = {isa = PBXFileReference; explicitFileType = "compiled.mach-o.executable"; includeInIndex = 0; path = SingleInstance; sourceTree = BUILT_PRODUCTS_DIR; };
		6595B7D7222F4B1000D08570 /* main.m */ = {isa = PBXFileReference; lastKnownFileType = sourcecode.c.objc; path = main.m; sourceTree = "<group>"; };
		6595B7DC222F4B2100D08570 /* Mooc.h */ = {isa = PBXFileReference; lastKnownFileType = sourcecode.c.h; path = Mooc.h; sourceTree = "<group>"; };
		6595B7DD222F4B2100D08570 /* Mooc.m */ = {isa = PBXFileReference; lastKnownFileType = sourcecode.c.objc; path = Mooc.m; sourceTree = "<group>"; };
		6595B7E3222F50BE00D08570 /* Command */ = {isa = PBXFileReference; explicitFileType = "compiled.mach-o.executable"; includeInIndex = 0; path = Command; sourceTree = BUILT_PRODUCTS_DIR; };
		6595B7E5222F50BE00D08570 /* main.m */ = {isa = PBXFileReference; lastKnownFileType = sourcecode.c.objc; path = main.m; sourceTree = "<group>"; };
		6595B7EA222F50CD00D08570 /* Command.h */ = {isa = PBXFileReference; lastKnownFileType = sourcecode.c.h; path = Command.h; sourceTree = "<group>"; };
		6595B7EB222F50CD00D08570 /* Command.m */ = {isa = PBXFileReference; lastKnownFileType = sourcecode.c.objc; path = Command.m; sourceTree = "<group>"; };
		6595B7ED222F50D700D08570 /* CommandManager.h */ = {isa = PBXFileReference; lastKnownFileType = sourcecode.c.h; path = CommandManager.h; sourceTree = "<group>"; };
		6595B7EE222F50D700D08570 /* CommandManager.m */ = {isa = PBXFileReference; lastKnownFileType = sourcecode.c.objc; path = CommandManager.m; sourceTree = "<group>"; };
		65B796172228A2080010024F /* Event.app */ = {isa = PBXFileReference; explicitFileType = wrapper.application; includeInIndex = 0; path = Event.app; sourceTree = BUILT_PRODUCTS_DIR; };
		65B796192228A2080010024F /* AppDelegate.h */ = {isa = PBXFileReference; lastKnownFileType = sourcecode.c.h; path = AppDelegate.h; sourceTree = "<group>"; };
		65B7961A2228A2080010024F /* AppDelegate.m */ = {isa = PBXFileReference; lastKnownFileType = sourcecode.c.objc; path = AppDelegate.m; sourceTree = "<group>"; };
		65B7961C2228A2080010024F /* ViewController.h */ = {isa = PBXFileReference; lastKnownFileType = sourcecode.c.h; path = ViewController.h; sourceTree = "<group>"; };
		65B7961D2228A2080010024F /* ViewController.m */ = {isa = PBXFileReference; lastKnownFileType = sourcecode.c.objc; path = ViewController.m; sourceTree = "<group>"; };
		65B796202228A2080010024F /* Base */ = {isa = PBXFileReference; lastKnownFileType = file.storyboard; name = Base; path = Base.lproj/Main.storyboard; sourceTree = "<group>"; };
		65B796222228A2090010024F /* Assets.xcassets */ = {isa = PBXFileReference; lastKnownFileType = folder.assetcatalog; path = Assets.xcassets; sourceTree = "<group>"; };
		65B796252228A2090010024F /* Base */ = {isa = PBXFileReference; lastKnownFileType = file.storyboard; name = Base; path = Base.lproj/LaunchScreen.storyboard; sourceTree = "<group>"; };
		65B796272228A2090010024F /* Info.plist */ = {isa = PBXFileReference; lastKnownFileType = text.plist.xml; path = Info.plist; sourceTree = "<group>"; };
		65B796282228A2090010024F /* main.m */ = {isa = PBXFileReference; lastKnownFileType = sourcecode.c.objc; path = main.m; sourceTree = "<group>"; };
		65B7962D2228A22C0010024F /* CustomButton.h */ = {isa = PBXFileReference; lastKnownFileType = sourcecode.c.h; path = CustomButton.h; sourceTree = "<group>"; };
		65B7962E2228A22C0010024F /* CustomButton.m */ = {isa = PBXFileReference; lastKnownFileType = sourcecode.c.objc; path = CustomButton.m; sourceTree = "<group>"; };
		65FCE11E222BBB1000EABCFE /* WeakNSTimer.app */ = {isa = PBXFileReference; explicitFileType = wrapper.application; includeInIndex = 0; path = WeakNSTimer.app; sourceTree = BUILT_PRODUCTS_DIR; };
		65FCE120222BBB1100EABCFE /* AppDelegate.h */ = {isa = PBXFileReference; lastKnownFileType = sourcecode.c.h; path = AppDelegate.h; sourceTree = "<group>"; };
		65FCE121222BBB1100EABCFE /* AppDelegate.m */ = {isa = PBXFileReference; lastKnownFileType = sourcecode.c.objc; path = AppDelegate.m; sourceTree = "<group>"; };
		65FCE123222BBB1100EABCFE /* ViewController.h */ = {isa = PBXFileReference; lastKnownFileType = sourcecode.c.h; path = ViewController.h; sourceTree = "<group>"; };
		65FCE124222BBB1100EABCFE /* ViewController.m */ = {isa = PBXFileReference; lastKnownFileType = sourcecode.c.objc; path = ViewController.m; sourceTree = "<group>"; };
		65FCE127222BBB1100EABCFE /* Base */ = {isa = PBXFileReference; lastKnownFileType = file.storyboard; name = Base; path = Base.lproj/Main.storyboard; sourceTree = "<group>"; };
		65FCE129222BBB1200EABCFE /* Assets.xcassets */ = {isa = PBXFileReference; lastKnownFileType = folder.assetcatalog; path = Assets.xcassets; sourceTree = "<group>"; };
		65FCE12C222BBB1200EABCFE /* Base */ = {isa = PBXFileReference; lastKnownFileType = file.storyboard; name = Base; path = Base.lproj/LaunchScreen.storyboard; sourceTree = "<group>"; };
		65FCE12E222BBB1200EABCFE /* Info.plist */ = {isa = PBXFileReference; lastKnownFileType = text.plist.xml; path = Info.plist; sourceTree = "<group>"; };
		65FCE12F222BBB1200EABCFE /* main.m */ = {isa = PBXFileReference; lastKnownFileType = sourcecode.c.objc; path = main.m; sourceTree = "<group>"; };
		65FCE136222BBB8000EABCFE /* NSTimer+WeakTimer.h */ = {isa = PBXFileReference; lastKnownFileType = sourcecode.c.h; path = "NSTimer+WeakTimer.h"; sourceTree = "<group>"; };
		65FCE137222BBB8000EABCFE /* NSTimer+WeakTimer.m */ = {isa = PBXFileReference; lastKnownFileType = sourcecode.c.objc; path = "NSTimer+WeakTimer.m"; sourceTree = "<group>"; };
		65FCE13D222C32C300EABCFE /* Block */ = {isa = PBXFileReference; explicitFileType = "compiled.mach-o.executable"; includeInIndex = 0; path = Block; sourceTree = BUILT_PRODUCTS_DIR; };
		65FCE13F222C32C300EABCFE /* main.m */ = {isa = PBXFileReference; lastKnownFileType = sourcecode.c.objc; path = main.m; sourceTree = "<group>"; };
		65FCE148222CB32D00EABCFE /* Barrier */ = {isa = PBXFileReference; explicitFileType = "compiled.mach-o.executable"; includeInIndex = 0; path = Barrier; sourceTree = BUILT_PRODUCTS_DIR; };
		65FCE14A222CB32D00EABCFE /* main.m */ = {isa = PBXFileReference; lastKnownFileType = sourcecode.c.objc; path = main.m; sourceTree = "<group>"; };
		65FCE14F222CB34700EABCFE /* UserCenter.h */ = {isa = PBXFileReference; lastKnownFileType = sourcecode.c.h; path = UserCenter.h; sourceTree = "<group>"; };
		65FCE150222CB34700EABCFE /* UserCenter.m */ = {isa = PBXFileReference; lastKnownFileType = sourcecode.c.objc; path = UserCenter.m; sourceTree = "<group>"; };
		65FCE156222CB55E00EABCFE /* Group */ = {isa = PBXFileReference; explicitFileType = "compiled.mach-o.executable"; includeInIndex = 0; path = Group; sourceTree = BUILT_PRODUCTS_DIR; };
		65FCE158222CB55F00EABCFE /* main.m */ = {isa = PBXFileReference; lastKnownFileType = sourcecode.c.objc; path = main.m; sourceTree = "<group>"; };
		65FCE15D222CB56F00EABCFE /* GroupObject.h */ = {isa = PBXFileReference; lastKnownFileType = sourcecode.c.h; path = GroupObject.h; sourceTree = "<group>"; };
		65FCE15E222CB56F00EABCFE /* GroupObject.m */ = {isa = PBXFileReference; lastKnownFileType = sourcecode.c.objc; path = GroupObject.m; sourceTree = "<group>"; };
/* End PBXFileReference section */

/* Begin PBXFrameworksBuildPhase section */
		65125048222A19CA00F9D461 /* Frameworks */ = {
			isa = PBXFrameworksBuildPhase;
			buildActionMask = 2147483647;
			files = (
			);
			runOnlyForDeploymentPostprocessing = 0;
		};
		65125068222A827700F9D461 /* Frameworks */ = {
			isa = PBXFrameworksBuildPhase;
			buildActionMask = 2147483647;
			files = (
			);
			runOnlyForDeploymentPostprocessing = 0;
		};
		655E512C222822CD0032E481 /* Frameworks */ = {
			isa = PBXFrameworksBuildPhase;
			buildActionMask = 2147483647;
			files = (
			);
			runOnlyForDeploymentPostprocessing = 0;
		};
		656C3F41222EBF020011E91B /* Frameworks */ = {
			isa = PBXFrameworksBuildPhase;
			buildActionMask = 2147483647;
			files = (
			);
			runOnlyForDeploymentPostprocessing = 0;
		};
		656C3F4F222ECD270011E91B /* Frameworks */ = {
			isa = PBXFrameworksBuildPhase;
			buildActionMask = 2147483647;
			files = (
			);
			runOnlyForDeploymentPostprocessing = 0;
		};
		6587999B222865E0004C2579 /* Frameworks */ = {
			isa = PBXFrameworksBuildPhase;
			buildActionMask = 2147483647;
			files = (
			);
			runOnlyForDeploymentPostprocessing = 0;
		};
		6595B7C1222F491900D08570 /* Frameworks */ = {
			isa = PBXFrameworksBuildPhase;
			buildActionMask = 2147483647;
			files = (
			);
			runOnlyForDeploymentPostprocessing = 0;
		};
		6595B7D2222F4B1000D08570 /* Frameworks */ = {
			isa = PBXFrameworksBuildPhase;
			buildActionMask = 2147483647;
			files = (
			);
			runOnlyForDeploymentPostprocessing = 0;
		};
		6595B7E0222F50BE00D08570 /* Frameworks */ = {
			isa = PBXFrameworksBuildPhase;
			buildActionMask = 2147483647;
			files = (
			);
			runOnlyForDeploymentPostprocessing = 0;
		};
		65B796142228A2080010024F /* Frameworks */ = {
			isa = PBXFrameworksBuildPhase;
			buildActionMask = 2147483647;
			files = (
			);
			runOnlyForDeploymentPostprocessing = 0;
		};
		65FCE11B222BBB1000EABCFE /* Frameworks */ = {
			isa = PBXFrameworksBuildPhase;
			buildActionMask = 2147483647;
			files = (
			);
			runOnlyForDeploymentPostprocessing = 0;
		};
		65FCE13A222C32C300EABCFE /* Frameworks */ = {
			isa = PBXFrameworksBuildPhase;
			buildActionMask = 2147483647;
			files = (
			);
			runOnlyForDeploymentPostprocessing = 0;
		};
		65FCE145222CB32D00EABCFE /* Frameworks */ = {
			isa = PBXFrameworksBuildPhase;
			buildActionMask = 2147483647;
			files = (
			);
			runOnlyForDeploymentPostprocessing = 0;
		};
		65FCE153222CB55E00EABCFE /* Frameworks */ = {
			isa = PBXFrameworksBuildPhase;
			buildActionMask = 2147483647;
			files = (
			);
			runOnlyForDeploymentPostprocessing = 0;
		};
/* End PBXFrameworksBuildPhase section */

/* Begin PBXGroup section */
		6512504C222A19CA00F9D461 /* KVO_TEST */ = {
			isa = PBXGroup;
			children = (
				6512504D222A19CA00F9D461 /* AppDelegate.h */,
				6512504E222A19CA00F9D461 /* AppDelegate.m */,
				65125050222A19CA00F9D461 /* ViewController.h */,
				65125051222A19CA00F9D461 /* ViewController.m */,
				65125053222A19CA00F9D461 /* Main.storyboard */,
				65125056222A19CB00F9D461 /* Assets.xcassets */,
				65125058222A19CB00F9D461 /* LaunchScreen.storyboard */,
				6512505B222A19CB00F9D461 /* Info.plist */,
				6512505C222A19CB00F9D461 /* main.m */,
				65125061222A19E700F9D461 /* MObject.h */,
				65125062222A19E700F9D461 /* MObject.m */,
				65125064222A19F700F9D461 /* MObserver.h */,
				65125065222A19F700F9D461 /* MObserver.m */,
			);
			path = KVO_TEST;
			sourceTree = "<group>";
		};
		6512506C222A827800F9D461 /* RuntimeTest */ = {
			isa = PBXGroup;
			children = (
				6512506D222A827800F9D461 /* AppDelegate.h */,
				6512506E222A827800F9D461 /* AppDelegate.m */,
				65125070222A827800F9D461 /* ViewController.h */,
				65125071222A827800F9D461 /* ViewController.m */,
				65125073222A827800F9D461 /* Main.storyboard */,
				65125076222A827900F9D461 /* Assets.xcassets */,
				65125078222A827900F9D461 /* LaunchScreen.storyboard */,
				6512507B222A827900F9D461 /* Info.plist */,
				6512507C222A827900F9D461 /* main.m */,
				65125081222A829100F9D461 /* RuntimeObject.h */,
				65125082222A829100F9D461 /* RuntimeObject.m */,
			);
			path = RuntimeTest;
			sourceTree = "<group>";
		};
		655E5109222822B20032E481 = {
			isa = PBXGroup;
			children = (
				655E5130222822CD0032E481 /* CodingStyle */,
				6587999F222865E0004C2579 /* IndexedBar */,
				65B796182228A2080010024F /* Event */,
				6512504C222A19CA00F9D461 /* KVO_TEST */,
				6512506C222A827800F9D461 /* RuntimeTest */,
				65FCE11F222BBB1100EABCFE /* WeakNSTimer */,
				65FCE13E222C32C300EABCFE /* Block */,
				65FCE149222CB32D00EABCFE /* Barrier */,
				65FCE157222CB55F00EABCFE /* Group */,
				656C3F45222EBF020011E91B /* Responder */,
				656C3F53222ECD270011E91B /* Bridge */,
				6595B7C5222F491900D08570 /* Adapter */,
				6595B7D6222F4B1000D08570 /* SingleInstance */,
				6595B7E4222F50BE00D08570 /* Command */,
				655E5113222822B20032E481 /* Products */,
			);
			sourceTree = "<group>";
		};
		655E5113222822B20032E481 /* Products */ = {
			isa = PBXGroup;
			children = (
				655E512F222822CD0032E481 /* CodingStyle */,
				6587999E222865E0004C2579 /* IndexedBar.app */,
				65B796172228A2080010024F /* Event.app */,
				6512504B222A19CA00F9D461 /* KVO_TEST.app */,
				6512506B222A827700F9D461 /* RuntimeTest.app */,
				65FCE11E222BBB1000EABCFE /* WeakNSTimer.app */,
				65FCE13D222C32C300EABCFE /* Block */,
				65FCE148222CB32D00EABCFE /* Barrier */,
				65FCE156222CB55E00EABCFE /* Group */,
				656C3F44222EBF020011E91B /* Responder */,
				656C3F52222ECD270011E91B /* Bridge */,
				6595B7C4222F491900D08570 /* Adapter */,
				6595B7D5222F4B1000D08570 /* SingleInstance */,
				6595B7E3222F50BE00D08570 /* Command */,
			);
			name = Products;
			sourceTree = "<group>";
		};
		655E5130222822CD0032E481 /* CodingStyle */ = {
			isa = PBXGroup;
			children = (
				655E5136222823220032E481 /* Model */,
				655E5131222822CD0032E481 /* main.m */,
			);
			path = CodingStyle;
			sourceTree = "<group>";
		};
		655E5136222823220032E481 /* Model */ = {
			isa = PBXGroup;
			children = (
				655E5139222823220032E481 /* IncorrectUserModel.h */,
				655E5137222823220032E481 /* IncorrectUserModel.m */,
				655E513A222823220032E481 /* UserModel.h */,
				655E5138222823220032E481 /* UserModel.m */,
			);
			path = Model;
			sourceTree = "<group>";
		};
		656C3F45222EBF020011E91B /* Responder */ = {
			isa = PBXGroup;
			children = (
				656C3F46222EBF020011E91B /* main.m */,
				656C3F4B222EBF180011E91B /* BusinessObject.h */,
				656C3F4C222EBF180011E91B /* BusinessObject.m */,
			);
			path = Responder;
			sourceTree = "<group>";
		};
		656C3F53222ECD270011E91B /* Bridge */ = {
			isa = PBXGroup;
			children = (
				656C3F54222ECD270011E91B /* main.m */,
				656C3F59222ECD5B0011E91B /* BaseObjectA.h */,
				656C3F5A222ECD5B0011E91B /* BaseObjectA.m */,
				656C3F5C222ECD6B0011E91B /* BaseObjectB.h */,
				656C3F5D222ECD6B0011E91B /* BaseObjectB.m */,
				656C3F5F222ECE360011E91B /* ObjectB1.h */,
				656C3F60222ECE360011E91B /* ObjectB1.m */,
				656C3F62222ECE990011E91B /* ObjectB2.h */,
				656C3F63222ECE990011E91B /* ObjectB2.m */,
				656C3F65222ECEB00011E91B /* ObjectA1.h */,
				656C3F66222ECEB00011E91B /* ObjectA1.m */,
				656C3F6B222ECF770011E91B /* BridgeDemo.h */,
				656C3F6C222ECF770011E91B /* BridgeDemo.m */,
				656C3F68222ECEC10011E91B /* ObjectA2.h */,
				656C3F69222ECEC10011E91B /* ObjectA2.m */,
			);
			path = Bridge;
			sourceTree = "<group>";
		};
		6587999F222865E0004C2579 /* IndexedBar */ = {
			isa = PBXGroup;
			children = (
				658799A0222865E0004C2579 /* AppDelegate.h */,
				658799A1222865E0004C2579 /* AppDelegate.m */,
				658799A3222865E0004C2579 /* ViewController.h */,
				658799A4222865E0004C2579 /* ViewController.m */,
				658799A6222865E0004C2579 /* Main.storyboard */,
				658799A9222865E1004C2579 /* Assets.xcassets */,
				658799AB222865E1004C2579 /* LaunchScreen.storyboard */,
				658799AE222865E1004C2579 /* Info.plist */,
				658799AF222865E1004C2579 /* main.m */,
				658799B422286605004C2579 /* ViewReusePool.h */,
				658799B522286605004C2579 /* ViewReusePool.m */,
				658799B7222868EA004C2579 /* IndexedTableView.h */,
				658799B8222868EA004C2579 /* IndexedTableView.m */,
			);
			path = IndexedBar;
			sourceTree = "<group>";
		};
		6595B7C5222F491900D08570 /* Adapter */ = {
			isa = PBXGroup;
			children = (
				6595B7C6222F491900D08570 /* main.m */,
				6595B7CB222F492B00D08570 /* Target.h */,
				6595B7CC222F492B00D08570 /* Target.m */,
				6595B7CE222F496D00D08570 /* CoolTarget.h */,
				6595B7CF222F496D00D08570 /* CoolTarget.m */,
			);
			path = Adapter;
			sourceTree = "<group>";
		};
		6595B7D6222F4B1000D08570 /* SingleInstance */ = {
			isa = PBXGroup;
			children = (
				6595B7D7222F4B1000D08570 /* main.m */,
				6595B7DC222F4B2100D08570 /* Mooc.h */,
				6595B7DD222F4B2100D08570 /* Mooc.m */,
			);
			path = SingleInstance;
			sourceTree = "<group>";
		};
		6595B7E4222F50BE00D08570 /* Command */ = {
			isa = PBXGroup;
			children = (
				6595B7E5222F50BE00D08570 /* main.m */,
				6595B7EA222F50CD00D08570 /* Command.h */,
				6595B7EB222F50CD00D08570 /* Command.m */,
				6595B7ED222F50D700D08570 /* CommandManager.h */,
				6595B7EE222F50D700D08570 /* CommandManager.m */,
			);
			path = Command;
			sourceTree = "<group>";
		};
		65B796182228A2080010024F /* Event */ = {
			isa = PBXGroup;
			children = (
				65B796192228A2080010024F /* AppDelegate.h */,
				65B7961A2228A2080010024F /* AppDelegate.m */,
				65B7961C2228A2080010024F /* ViewController.h */,
				65B7961D2228A2080010024F /* ViewController.m */,
				65B7961F2228A2080010024F /* Main.storyboard */,
				65B796222228A2090010024F /* Assets.xcassets */,
				65B796242228A2090010024F /* LaunchScreen.storyboard */,
				65B796272228A2090010024F /* Info.plist */,
				65B796282228A2090010024F /* main.m */,
				65B7962D2228A22C0010024F /* CustomButton.h */,
				65B7962E2228A22C0010024F /* CustomButton.m */,
			);
			path = Event;
			sourceTree = "<group>";
		};
		65FCE11F222BBB1100EABCFE /* WeakNSTimer */ = {
			isa = PBXGroup;
			children = (
				65FCE120222BBB1100EABCFE /* AppDelegate.h */,
				65FCE121222BBB1100EABCFE /* AppDelegate.m */,
				65FCE123222BBB1100EABCFE /* ViewController.h */,
				65FCE124222BBB1100EABCFE /* ViewController.m */,
				65FCE126222BBB1100EABCFE /* Main.storyboard */,
				65FCE129222BBB1200EABCFE /* Assets.xcassets */,
				65FCE12B222BBB1200EABCFE /* LaunchScreen.storyboard */,
				65FCE12E222BBB1200EABCFE /* Info.plist */,
				65FCE12F222BBB1200EABCFE /* main.m */,
				65FCE136222BBB8000EABCFE /* NSTimer+WeakTimer.h */,
				65FCE137222BBB8000EABCFE /* NSTimer+WeakTimer.m */,
			);
			path = WeakNSTimer;
			sourceTree = "<group>";
		};
		65FCE13E222C32C300EABCFE /* Block */ = {
			isa = PBXGroup;
			children = (
				65FCE13F222C32C300EABCFE /* main.m */,
			);
			path = Block;
			sourceTree = "<group>";
		};
		65FCE149222CB32D00EABCFE /* Barrier */ = {
			isa = PBXGroup;
			children = (
				65FCE14A222CB32D00EABCFE /* main.m */,
				65FCE14F222CB34700EABCFE /* UserCenter.h */,
				65FCE150222CB34700EABCFE /* UserCenter.m */,
			);
			path = Barrier;
			sourceTree = "<group>";
		};
		65FCE157222CB55F00EABCFE /* Group */ = {
			isa = PBXGroup;
			children = (
				65FCE158222CB55F00EABCFE /* main.m */,
				65FCE15D222CB56F00EABCFE /* GroupObject.h */,
				65FCE15E222CB56F00EABCFE /* GroupObject.m */,
			);
			path = Group;
			sourceTree = "<group>";
		};
/* End PBXGroup section */

/* Begin PBXNativeTarget section */
		6512504A222A19CA00F9D461 /* KVO_TEST */ = {
			isa = PBXNativeTarget;
			buildConfigurationList = 65125060222A19CB00F9D461 /* Build configuration list for PBXNativeTarget "KVO_TEST" */;
			buildPhases = (
				65125047222A19CA00F9D461 /* Sources */,
				65125048222A19CA00F9D461 /* Frameworks */,
				65125049222A19CA00F9D461 /* Resources */,
			);
			buildRules = (
			);
			dependencies = (
			);
			name = KVO_TEST;
			productName = KVO_TEST;
			productReference = 6512504B222A19CA00F9D461 /* KVO_TEST.app */;
			productType = "com.apple.product-type.application";
		};
		6512506A222A827700F9D461 /* RuntimeTest */ = {
			isa = PBXNativeTarget;
			buildConfigurationList = 6512507E222A827900F9D461 /* Build configuration list for PBXNativeTarget "RuntimeTest" */;
			buildPhases = (
				65125067222A827700F9D461 /* Sources */,
				65125068222A827700F9D461 /* Frameworks */,
				65125069222A827700F9D461 /* Resources */,
			);
			buildRules = (
			);
			dependencies = (
			);
			name = RuntimeTest;
			productName = RuntimeTest;
			productReference = 6512506B222A827700F9D461 /* RuntimeTest.app */;
			productType = "com.apple.product-type.application";
		};
		655E512E222822CD0032E481 /* CodingStyle */ = {
			isa = PBXNativeTarget;
			buildConfigurationList = 655E5133222822CD0032E481 /* Build configuration list for PBXNativeTarget "CodingStyle" */;
			buildPhases = (
				655E512B222822CD0032E481 /* Sources */,
				655E512C222822CD0032E481 /* Frameworks */,
				655E512D222822CD0032E481 /* CopyFiles */,
			);
			buildRules = (
			);
			dependencies = (
			);
			name = CodingStyle;
			productName = CodingStyle;
			productReference = 655E512F222822CD0032E481 /* CodingStyle */;
			productType = "com.apple.product-type.tool";
		};
		656C3F43222EBF020011E91B /* Responder */ = {
			isa = PBXNativeTarget;
			buildConfigurationList = 656C3F4A222EBF020011E91B /* Build configuration list for PBXNativeTarget "Responder" */;
			buildPhases = (
				656C3F40222EBF020011E91B /* Sources */,
				656C3F41222EBF020011E91B /* Frameworks */,
				656C3F42222EBF020011E91B /* CopyFiles */,
			);
			buildRules = (
			);
			dependencies = (
			);
			name = Responder;
			productName = Responder;
			productReference = 656C3F44222EBF020011E91B /* Responder */;
			productType = "com.apple.product-type.tool";
		};
		656C3F51222ECD270011E91B /* Bridge */ = {
			isa = PBXNativeTarget;
			buildConfigurationList = 656C3F56222ECD270011E91B /* Build configuration list for PBXNativeTarget "Bridge" */;
			buildPhases = (
				656C3F4E222ECD270011E91B /* Sources */,
				656C3F4F222ECD270011E91B /* Frameworks */,
				656C3F50222ECD270011E91B /* CopyFiles */,
			);
			buildRules = (
			);
			dependencies = (
			);
			name = Bridge;
			productName = Bridge;
			productReference = 656C3F52222ECD270011E91B /* Bridge */;
			productType = "com.apple.product-type.tool";
		};
		6587999D222865E0004C2579 /* IndexedBar */ = {
			isa = PBXNativeTarget;
			buildConfigurationList = 658799B3222865E1004C2579 /* Build configuration list for PBXNativeTarget "IndexedBar" */;
			buildPhases = (
				6587999A222865E0004C2579 /* Sources */,
				6587999B222865E0004C2579 /* Frameworks */,
				6587999C222865E0004C2579 /* Resources */,
			);
			buildRules = (
			);
			dependencies = (
			);
			name = IndexedBar;
			productName = IndexedBar;
			productReference = 6587999E222865E0004C2579 /* IndexedBar.app */;
			productType = "com.apple.product-type.application";
		};
		6595B7C3222F491900D08570 /* Adapter */ = {
			isa = PBXNativeTarget;
			buildConfigurationList = 6595B7CA222F491900D08570 /* Build configuration list for PBXNativeTarget "Adapter" */;
			buildPhases = (
				6595B7C0222F491900D08570 /* Sources */,
				6595B7C1222F491900D08570 /* Frameworks */,
				6595B7C2222F491900D08570 /* CopyFiles */,
			);
			buildRules = (
			);
			dependencies = (
			);
			name = Adapter;
			productName = Adapter;
			productReference = 6595B7C4222F491900D08570 /* Adapter */;
			productType = "com.apple.product-type.tool";
		};
		6595B7D4222F4B1000D08570 /* SingleInstance */ = {
			isa = PBXNativeTarget;
			buildConfigurationList = 6595B7D9222F4B1000D08570 /* Build configuration list for PBXNativeTarget "SingleInstance" */;
			buildPhases = (
				6595B7D1222F4B1000D08570 /* Sources */,
				6595B7D2222F4B1000D08570 /* Frameworks */,
				6595B7D3222F4B1000D08570 /* CopyFiles */,
			);
			buildRules = (
			);
			dependencies = (
			);
			name = SingleInstance;
			productName = SingleInstance;
			productReference = 6595B7D5222F4B1000D08570 /* SingleInstance */;
			productType = "com.apple.product-type.tool";
		};
		6595B7E2222F50BE00D08570 /* Command */ = {
			isa = PBXNativeTarget;
			buildConfigurationList = 6595B7E7222F50BE00D08570 /* Build configuration list for PBXNativeTarget "Command" */;
			buildPhases = (
				6595B7DF222F50BE00D08570 /* Sources */,
				6595B7E0222F50BE00D08570 /* Frameworks */,
				6595B7E1222F50BE00D08570 /* CopyFiles */,
			);
			buildRules = (
			);
			dependencies = (
			);
			name = Command;
			productName = Command;
			productReference = 6595B7E3222F50BE00D08570 /* Command */;
			productType = "com.apple.product-type.tool";
		};
		65B796162228A2080010024F /* Event */ = {
			isa = PBXNativeTarget;
			buildConfigurationList = 65B7962A2228A2090010024F /* Build configuration list for PBXNativeTarget "Event" */;
			buildPhases = (
				65B796132228A2080010024F /* Sources */,
				65B796142228A2080010024F /* Frameworks */,
				65B796152228A2080010024F /* Resources */,
			);
			buildRules = (
			);
			dependencies = (
			);
			name = Event;
			productName = Event;
			productReference = 65B796172228A2080010024F /* Event.app */;
			productType = "com.apple.product-type.application";
		};
		65FCE11D222BBB1000EABCFE /* WeakNSTimer */ = {
			isa = PBXNativeTarget;
			buildConfigurationList = 65FCE133222BBB1200EABCFE /* Build configuration list for PBXNativeTarget "WeakNSTimer" */;
			buildPhases = (
				65FCE11A222BBB1000EABCFE /* Sources */,
				65FCE11B222BBB1000EABCFE /* Frameworks */,
				65FCE11C222BBB1000EABCFE /* Resources */,
			);
			buildRules = (
			);
			dependencies = (
			);
			name = WeakNSTimer;
			productName = WeakNSTimer;
			productReference = 65FCE11E222BBB1000EABCFE /* WeakNSTimer.app */;
			productType = "com.apple.product-type.application";
		};
		65FCE13C222C32C300EABCFE /* Block */ = {
			isa = PBXNativeTarget;
			buildConfigurationList = 65FCE141222C32C300EABCFE /* Build configuration list for PBXNativeTarget "Block" */;
			buildPhases = (
				65FCE139222C32C300EABCFE /* Sources */,
				65FCE13A222C32C300EABCFE /* Frameworks */,
				65FCE13B222C32C300EABCFE /* CopyFiles */,
			);
			buildRules = (
			);
			dependencies = (
			);
			name = Block;
			productName = Block;
			productReference = 65FCE13D222C32C300EABCFE /* Block */;
			productType = "com.apple.product-type.tool";
		};
		65FCE147222CB32D00EABCFE /* Barrier */ = {
			isa = PBXNativeTarget;
			buildConfigurationList = 65FCE14C222CB32D00EABCFE /* Build configuration list for PBXNativeTarget "Barrier" */;
			buildPhases = (
				65FCE144222CB32D00EABCFE /* Sources */,
				65FCE145222CB32D00EABCFE /* Frameworks */,
				65FCE146222CB32D00EABCFE /* CopyFiles */,
			);
			buildRules = (
			);
			dependencies = (
			);
			name = Barrier;
			productName = Barrier;
			productReference = 65FCE148222CB32D00EABCFE /* Barrier */;
			productType = "com.apple.product-type.tool";
		};
		65FCE155222CB55E00EABCFE /* Group */ = {
			isa = PBXNativeTarget;
			buildConfigurationList = 65FCE15A222CB55F00EABCFE /* Build configuration list for PBXNativeTarget "Group" */;
			buildPhases = (
				65FCE152222CB55E00EABCFE /* Sources */,
				65FCE153222CB55E00EABCFE /* Frameworks */,
				65FCE154222CB55E00EABCFE /* CopyFiles */,
			);
			buildRules = (
			);
			dependencies = (
			);
			name = Group;
			productName = Group;
			productReference = 65FCE156222CB55E00EABCFE /* Group */;
			productType = "com.apple.product-type.tool";
		};
/* End PBXNativeTarget section */

/* Begin PBXProject section */
		655E510A222822B20032E481 /* Project object */ = {
			isa = PBXProject;
			attributes = {
				LastUpgradeCheck = 1010;
				ORGANIZATIONNAME = "Yi Zhang";
				TargetAttributes = {
					6512504A222A19CA00F9D461 = {
						CreatedOnToolsVersion = 10.1;
					};
					6512506A222A827700F9D461 = {
						CreatedOnToolsVersion = 10.1;
					};
					655E512E222822CD0032E481 = {
						CreatedOnToolsVersion = 10.1;
					};
					656C3F43222EBF020011E91B = {
						CreatedOnToolsVersion = 10.1;
					};
					656C3F51222ECD270011E91B = {
						CreatedOnToolsVersion = 10.1;
					};
					6587999D222865E0004C2579 = {
						CreatedOnToolsVersion = 10.1;
					};
					6595B7C3222F491900D08570 = {
						CreatedOnToolsVersion = 10.1;
					};
					6595B7D4222F4B1000D08570 = {
						CreatedOnToolsVersion = 10.1;
					};
					6595B7E2222F50BE00D08570 = {
						CreatedOnToolsVersion = 10.1;
					};
					65B796162228A2080010024F = {
						CreatedOnToolsVersion = 10.1;
					};
					65FCE11D222BBB1000EABCFE = {
						CreatedOnToolsVersion = 10.1;
					};
					65FCE13C222C32C300EABCFE = {
						CreatedOnToolsVersion = 10.1;
					};
					65FCE147222CB32D00EABCFE = {
						CreatedOnToolsVersion = 10.1;
					};
					65FCE155222CB55E00EABCFE = {
						CreatedOnToolsVersion = 10.1;
					};
				};
			};
			buildConfigurationList = 655E510D222822B20032E481 /* Build configuration list for PBXProject "iOSInterview" */;
			compatibilityVersion = "Xcode 9.3";
			developmentRegion = en;
			hasScannedForEncodings = 0;
			knownRegions = (
				en,
				Base,
			);
			mainGroup = 655E5109222822B20032E481;
			productRefGroup = 655E5113222822B20032E481 /* Products */;
			projectDirPath = "";
			projectRoot = "";
			targets = (
				655E512E222822CD0032E481 /* CodingStyle */,
				6587999D222865E0004C2579 /* IndexedBar */,
				65B796162228A2080010024F /* Event */,
				6512504A222A19CA00F9D461 /* KVO_TEST */,
				6512506A222A827700F9D461 /* RuntimeTest */,
				65FCE11D222BBB1000EABCFE /* WeakNSTimer */,
				65FCE13C222C32C300EABCFE /* Block */,
				65FCE147222CB32D00EABCFE /* Barrier */,
				65FCE155222CB55E00EABCFE /* Group */,
				656C3F43222EBF020011E91B /* Responder */,
				656C3F51222ECD270011E91B /* Bridge */,
				6595B7C3222F491900D08570 /* Adapter */,
				6595B7D4222F4B1000D08570 /* SingleInstance */,
				6595B7E2222F50BE00D08570 /* Command */,
			);
		};
/* End PBXProject section */

/* Begin PBXResourcesBuildPhase section */
		65125049222A19CA00F9D461 /* Resources */ = {
			isa = PBXResourcesBuildPhase;
			buildActionMask = 2147483647;
			files = (
				6512505A222A19CB00F9D461 /* LaunchScreen.storyboard in Resources */,
				65125057222A19CB00F9D461 /* Assets.xcassets in Resources */,
				65125055222A19CA00F9D461 /* Main.storyboard in Resources */,
			);
			runOnlyForDeploymentPostprocessing = 0;
		};
		65125069222A827700F9D461 /* Resources */ = {
			isa = PBXResourcesBuildPhase;
			buildActionMask = 2147483647;
			files = (
				6512507A222A827900F9D461 /* LaunchScreen.storyboard in Resources */,
				65125077222A827900F9D461 /* Assets.xcassets in Resources */,
				65125075222A827800F9D461 /* Main.storyboard in Resources */,
			);
			runOnlyForDeploymentPostprocessing = 0;
		};
		6587999C222865E0004C2579 /* Resources */ = {
			isa = PBXResourcesBuildPhase;
			buildActionMask = 2147483647;
			files = (
				658799AD222865E1004C2579 /* LaunchScreen.storyboard in Resources */,
				658799AA222865E1004C2579 /* Assets.xcassets in Resources */,
				658799A8222865E0004C2579 /* Main.storyboard in Resources */,
			);
			runOnlyForDeploymentPostprocessing = 0;
		};
		65B796152228A2080010024F /* Resources */ = {
			isa = PBXResourcesBuildPhase;
			buildActionMask = 2147483647;
			files = (
				65B796262228A2090010024F /* LaunchScreen.storyboard in Resources */,
				65B796232228A2090010024F /* Assets.xcassets in Resources */,
				65B796212228A2080010024F /* Main.storyboard in Resources */,
			);
			runOnlyForDeploymentPostprocessing = 0;
		};
		65FCE11C222BBB1000EABCFE /* Resources */ = {
			isa = PBXResourcesBuildPhase;
			buildActionMask = 2147483647;
			files = (
				65FCE12D222BBB1200EABCFE /* LaunchScreen.storyboard in Resources */,
				65FCE12A222BBB1200EABCFE /* Assets.xcassets in Resources */,
				65FCE128222BBB1100EABCFE /* Main.storyboard in Resources */,
			);
			runOnlyForDeploymentPostprocessing = 0;
		};
/* End PBXResourcesBuildPhase section */

/* Begin PBXSourcesBuildPhase section */
		65125047222A19CA00F9D461 /* Sources */ = {
			isa = PBXSourcesBuildPhase;
			buildActionMask = 2147483647;
			files = (
				65125063222A19E700F9D461 /* MObject.m in Sources */,
				65125066222A19F700F9D461 /* MObserver.m in Sources */,
				65125052222A19CA00F9D461 /* ViewController.m in Sources */,
				6512505D222A19CB00F9D461 /* main.m in Sources */,
				6512504F222A19CA00F9D461 /* AppDelegate.m in Sources */,
			);
			runOnlyForDeploymentPostprocessing = 0;
		};
		65125067222A827700F9D461 /* Sources */ = {
			isa = PBXSourcesBuildPhase;
			buildActionMask = 2147483647;
			files = (
				65125072222A827800F9D461 /* ViewController.m in Sources */,
				65125083222A829100F9D461 /* RuntimeObject.m in Sources */,
				6512507D222A827900F9D461 /* main.m in Sources */,
				6512506F222A827800F9D461 /* AppDelegate.m in Sources */,
			);
			runOnlyForDeploymentPostprocessing = 0;
		};
		655E512B222822CD0032E481 /* Sources */ = {
			isa = PBXSourcesBuildPhase;
			buildActionMask = 2147483647;
			files = (
				655E513B222823230032E481 /* IncorrectUserModel.m in Sources */,
				655E5132222822CD0032E481 /* main.m in Sources */,
				655E513C222823230032E481 /* UserModel.m in Sources */,
			);
			runOnlyForDeploymentPostprocessing = 0;
		};
		656C3F40222EBF020011E91B /* Sources */ = {
			isa = PBXSourcesBuildPhase;
			buildActionMask = 2147483647;
			files = (
				656C3F4D222EBF180011E91B /* BusinessObject.m in Sources */,
				656C3F47222EBF020011E91B /* main.m in Sources */,
			);
			runOnlyForDeploymentPostprocessing = 0;
		};
		656C3F4E222ECD270011E91B /* Sources */ = {
			isa = PBXSourcesBuildPhase;
			buildActionMask = 2147483647;
			files = (
				656C3F55222ECD270011E91B /* main.m in Sources */,
				656C3F6D222ECF770011E91B /* BridgeDemo.m in Sources */,
				656C3F5B222ECD5B0011E91B /* BaseObjectA.m in Sources */,
				656C3F67222ECEB00011E91B /* ObjectA1.m in Sources */,
				656C3F5E222ECD6B0011E91B /* BaseObjectB.m in Sources */,
				656C3F64222ECE990011E91B /* ObjectB2.m in Sources */,
				656C3F6A222ECEC10011E91B /* ObjectA2.m in Sources */,
				656C3F61222ECE360011E91B /* ObjectB1.m in Sources */,
			);
			runOnlyForDeploymentPostprocessing = 0;
		};
		6587999A222865E0004C2579 /* Sources */ = {
			isa = PBXSourcesBuildPhase;
			buildActionMask = 2147483647;
			files = (
				658799A5222865E0004C2579 /* ViewController.m in Sources */,
				658799B9222868EA004C2579 /* IndexedTableView.m in Sources */,
				658799B0222865E1004C2579 /* main.m in Sources */,
				658799A2222865E0004C2579 /* AppDelegate.m in Sources */,
				658799B622286605004C2579 /* ViewReusePool.m in Sources */,
			);
			runOnlyForDeploymentPostprocessing = 0;
		};
		6595B7C0222F491900D08570 /* Sources */ = {
			isa = PBXSourcesBuildPhase;
			buildActionMask = 2147483647;
			files = (
				6595B7CD222F492B00D08570 /* Target.m in Sources */,
				6595B7C7222F491900D08570 /* main.m in Sources */,
				6595B7D0222F496D00D08570 /* CoolTarget.m in Sources */,
			);
			runOnlyForDeploymentPostprocessing = 0;
		};
		6595B7D1222F4B1000D08570 /* Sources */ = {
			isa = PBXSourcesBuildPhase;
			buildActionMask = 2147483647;
			files = (
				6595B7D8222F4B1000D08570 /* main.m in Sources */,
				6595B7DE222F4B2100D08570 /* Mooc.m in Sources */,
			);
			runOnlyForDeploymentPostprocessing = 0;
		};
		6595B7DF222F50BE00D08570 /* Sources */ = {
			isa = PBXSourcesBuildPhase;
			buildActionMask = 2147483647;
			files = (
				6595B7E6222F50BE00D08570 /* main.m in Sources */,
				6595B7EC222F50CD00D08570 /* Command.m in Sources */,
				6595B7EF222F50D700D08570 /* CommandManager.m in Sources */,
			);
			runOnlyForDeploymentPostprocessing = 0;
		};
		65B796132228A2080010024F /* Sources */ = {
			isa = PBXSourcesBuildPhase;
			buildActionMask = 2147483647;
			files = (
				65B7962F2228A22C0010024F /* CustomButton.m in Sources */,
				65B7961E2228A2080010024F /* ViewController.m in Sources */,
				65B796292228A2090010024F /* main.m in Sources */,
				65B7961B2228A2080010024F /* AppDelegate.m in Sources */,
			);
			runOnlyForDeploymentPostprocessing = 0;
		};
		65FCE11A222BBB1000EABCFE /* Sources */ = {
			isa = PBXSourcesBuildPhase;
			buildActionMask = 2147483647;
			files = (
				65FCE138222BBB8000EABCFE /* NSTimer+WeakTimer.m in Sources */,
				65FCE125222BBB1100EABCFE /* ViewController.m in Sources */,
				65FCE130222BBB1200EABCFE /* main.m in Sources */,
				65FCE122222BBB1100EABCFE /* AppDelegate.m in Sources */,
			);
			runOnlyForDeploymentPostprocessing = 0;
		};
		65FCE139222C32C300EABCFE /* Sources */ = {
			isa = PBXSourcesBuildPhase;
			buildActionMask = 2147483647;
			files = (
				65FCE140222C32C300EABCFE /* main.m in Sources */,
			);
			runOnlyForDeploymentPostprocessing = 0;
		};
		65FCE144222CB32D00EABCFE /* Sources */ = {
			isa = PBXSourcesBuildPhase;
			buildActionMask = 2147483647;
			files = (
				65FCE14B222CB32D00EABCFE /* main.m in Sources */,
				65FCE151222CB34700EABCFE /* UserCenter.m in Sources */,
			);
			runOnlyForDeploymentPostprocessing = 0;
		};
		65FCE152222CB55E00EABCFE /* Sources */ = {
			isa = PBXSourcesBuildPhase;
			buildActionMask = 2147483647;
			files = (
				65FCE15F222CB56F00EABCFE /* GroupObject.m in Sources */,
				65FCE159222CB55F00EABCFE /* main.m in Sources */,
			);
			runOnlyForDeploymentPostprocessing = 0;
		};
/* End PBXSourcesBuildPhase section */

/* Begin PBXVariantGroup section */
		65125053222A19CA00F9D461 /* Main.storyboard */ = {
			isa = PBXVariantGroup;
			children = (
				65125054222A19CA00F9D461 /* Base */,
			);
			name = Main.storyboard;
			sourceTree = "<group>";
		};
		65125058222A19CB00F9D461 /* LaunchScreen.storyboard */ = {
			isa = PBXVariantGroup;
			children = (
				65125059222A19CB00F9D461 /* Base */,
			);
			name = LaunchScreen.storyboard;
			sourceTree = "<group>";
		};
		65125073222A827800F9D461 /* Main.storyboard */ = {
			isa = PBXVariantGroup;
			children = (
				65125074222A827800F9D461 /* Base */,
			);
			name = Main.storyboard;
			sourceTree = "<group>";
		};
		65125078222A827900F9D461 /* LaunchScreen.storyboard */ = {
			isa = PBXVariantGroup;
			children = (
				65125079222A827900F9D461 /* Base */,
			);
			name = LaunchScreen.storyboard;
			sourceTree = "<group>";
		};
		658799A6222865E0004C2579 /* Main.storyboard */ = {
			isa = PBXVariantGroup;
			children = (
				658799A7222865E0004C2579 /* Base */,
			);
			name = Main.storyboard;
			sourceTree = "<group>";
		};
		658799AB222865E1004C2579 /* LaunchScreen.storyboard */ = {
			isa = PBXVariantGroup;
			children = (
				658799AC222865E1004C2579 /* Base */,
			);
			name = LaunchScreen.storyboard;
			sourceTree = "<group>";
		};
		65B7961F2228A2080010024F /* Main.storyboard */ = {
			isa = PBXVariantGroup;
			children = (
				65B796202228A2080010024F /* Base */,
			);
			name = Main.storyboard;
			sourceTree = "<group>";
		};
		65B796242228A2090010024F /* LaunchScreen.storyboard */ = {
			isa = PBXVariantGroup;
			children = (
				65B796252228A2090010024F /* Base */,
			);
			name = LaunchScreen.storyboard;
			sourceTree = "<group>";
		};
		65FCE126222BBB1100EABCFE /* Main.storyboard */ = {
			isa = PBXVariantGroup;
			children = (
				65FCE127222BBB1100EABCFE /* Base */,
			);
			name = Main.storyboard;
			sourceTree = "<group>";
		};
		65FCE12B222BBB1200EABCFE /* LaunchScreen.storyboard */ = {
			isa = PBXVariantGroup;
			children = (
				65FCE12C222BBB1200EABCFE /* Base */,
			);
			name = LaunchScreen.storyboard;
			sourceTree = "<group>";
		};
/* End PBXVariantGroup section */

/* Begin XCBuildConfiguration section */
		6512505E222A19CB00F9D461 /* Debug */ = {
			isa = XCBuildConfiguration;
			buildSettings = {
				ASSETCATALOG_COMPILER_APPICON_NAME = AppIcon;
				CODE_SIGN_STYLE = Automatic;
				DEVELOPMENT_TEAM = 8Y7626TS68;
				INFOPLIST_FILE = KVO_TEST/Info.plist;
				LD_RUNPATH_SEARCH_PATHS = (
					"$(inherited)",
					"@executable_path/Frameworks",
				);
				PRODUCT_BUNDLE_IDENTIFIER = "Yi.KVO-TEST";
				PRODUCT_NAME = "$(TARGET_NAME)";
				TARGETED_DEVICE_FAMILY = "1,2";
			};
			name = Debug;
		};
		6512505F222A19CB00F9D461 /* Release */ = {
			isa = XCBuildConfiguration;
			buildSettings = {
				ASSETCATALOG_COMPILER_APPICON_NAME = AppIcon;
				CODE_SIGN_STYLE = Automatic;
				DEVELOPMENT_TEAM = 8Y7626TS68;
				INFOPLIST_FILE = KVO_TEST/Info.plist;
				LD_RUNPATH_SEARCH_PATHS = (
					"$(inherited)",
					"@executable_path/Frameworks",
				);
				PRODUCT_BUNDLE_IDENTIFIER = "Yi.KVO-TEST";
				PRODUCT_NAME = "$(TARGET_NAME)";
				TARGETED_DEVICE_FAMILY = "1,2";
			};
			name = Release;
		};
		6512507F222A827900F9D461 /* Debug */ = {
			isa = XCBuildConfiguration;
			buildSettings = {
				ASSETCATALOG_COMPILER_APPICON_NAME = AppIcon;
				CODE_SIGN_STYLE = Automatic;
				DEVELOPMENT_TEAM = 8Y7626TS68;
				INFOPLIST_FILE = RuntimeTest/Info.plist;
				LD_RUNPATH_SEARCH_PATHS = (
					"$(inherited)",
					"@executable_path/Frameworks",
				);
				PRODUCT_BUNDLE_IDENTIFIER = Yi.RuntimeTest;
				PRODUCT_NAME = "$(TARGET_NAME)";
				TARGETED_DEVICE_FAMILY = "1,2";
			};
			name = Debug;
		};
		65125080222A827900F9D461 /* Release */ = {
			isa = XCBuildConfiguration;
			buildSettings = {
				ASSETCATALOG_COMPILER_APPICON_NAME = AppIcon;
				CODE_SIGN_STYLE = Automatic;
				DEVELOPMENT_TEAM = 8Y7626TS68;
				INFOPLIST_FILE = RuntimeTest/Info.plist;
				LD_RUNPATH_SEARCH_PATHS = (
					"$(inherited)",
					"@executable_path/Frameworks",
				);
				PRODUCT_BUNDLE_IDENTIFIER = Yi.RuntimeTest;
				PRODUCT_NAME = "$(TARGET_NAME)";
				TARGETED_DEVICE_FAMILY = "1,2";
			};
			name = Release;
		};
		655E5126222822B30032E481 /* Debug */ = {
			isa = XCBuildConfiguration;
			buildSettings = {
				ALWAYS_SEARCH_USER_PATHS = NO;
				CLANG_ANALYZER_NONNULL = YES;
				CLANG_ANALYZER_NUMBER_OBJECT_CONVERSION = YES_AGGRESSIVE;
				CLANG_CXX_LANGUAGE_STANDARD = "gnu++14";
				CLANG_CXX_LIBRARY = "libc++";
				CLANG_ENABLE_MODULES = YES;
				CLANG_ENABLE_OBJC_ARC = YES;
				CLANG_ENABLE_OBJC_WEAK = YES;
				CLANG_WARN_BLOCK_CAPTURE_AUTORELEASING = YES;
				CLANG_WARN_BOOL_CONVERSION = YES;
				CLANG_WARN_COMMA = YES;
				CLANG_WARN_CONSTANT_CONVERSION = YES;
				CLANG_WARN_DEPRECATED_OBJC_IMPLEMENTATIONS = YES;
				CLANG_WARN_DIRECT_OBJC_ISA_USAGE = YES_ERROR;
				CLANG_WARN_DOCUMENTATION_COMMENTS = YES;
				CLANG_WARN_EMPTY_BODY = YES;
				CLANG_WARN_ENUM_CONVERSION = YES;
				CLANG_WARN_INFINITE_RECURSION = YES;
				CLANG_WARN_INT_CONVERSION = YES;
				CLANG_WARN_NON_LITERAL_NULL_CONVERSION = YES;
				CLANG_WARN_OBJC_IMPLICIT_RETAIN_SELF = YES;
				CLANG_WARN_OBJC_LITERAL_CONVERSION = YES;
				CLANG_WARN_OBJC_ROOT_CLASS = YES_ERROR;
				CLANG_WARN_RANGE_LOOP_ANALYSIS = YES;
				CLANG_WARN_STRICT_PROTOTYPES = YES;
				CLANG_WARN_SUSPICIOUS_MOVE = YES;
				CLANG_WARN_UNGUARDED_AVAILABILITY = YES_AGGRESSIVE;
				CLANG_WARN_UNREACHABLE_CODE = YES;
				CLANG_WARN__DUPLICATE_METHOD_MATCH = YES;
				CODE_SIGN_IDENTITY = "iPhone Developer";
				COPY_PHASE_STRIP = NO;
				DEBUG_INFORMATION_FORMAT = dwarf;
				ENABLE_STRICT_OBJC_MSGSEND = YES;
				ENABLE_TESTABILITY = YES;
				GCC_C_LANGUAGE_STANDARD = gnu11;
				GCC_DYNAMIC_NO_PIC = NO;
				GCC_NO_COMMON_BLOCKS = YES;
				GCC_OPTIMIZATION_LEVEL = 0;
				GCC_PREPROCESSOR_DEFINITIONS = (
					"DEBUG=1",
					"$(inherited)",
				);
				GCC_WARN_64_TO_32_BIT_CONVERSION = YES;
				GCC_WARN_ABOUT_RETURN_TYPE = YES_ERROR;
				GCC_WARN_UNDECLARED_SELECTOR = YES;
				GCC_WARN_UNINITIALIZED_AUTOS = YES_AGGRESSIVE;
				GCC_WARN_UNUSED_FUNCTION = YES;
				GCC_WARN_UNUSED_VARIABLE = YES;
				IPHONEOS_DEPLOYMENT_TARGET = 12.1;
				MTL_ENABLE_DEBUG_INFO = INCLUDE_SOURCE;
				MTL_FAST_MATH = YES;
				ONLY_ACTIVE_ARCH = YES;
				SDKROOT = iphoneos;
			};
			name = Debug;
		};
		655E5127222822B30032E481 /* Release */ = {
			isa = XCBuildConfiguration;
			buildSettings = {
				ALWAYS_SEARCH_USER_PATHS = NO;
				CLANG_ANALYZER_NONNULL = YES;
				CLANG_ANALYZER_NUMBER_OBJECT_CONVERSION = YES_AGGRESSIVE;
				CLANG_CXX_LANGUAGE_STANDARD = "gnu++14";
				CLANG_CXX_LIBRARY = "libc++";
				CLANG_ENABLE_MODULES = YES;
				CLANG_ENABLE_OBJC_ARC = YES;
				CLANG_ENABLE_OBJC_WEAK = YES;
				CLANG_WARN_BLOCK_CAPTURE_AUTORELEASING = YES;
				CLANG_WARN_BOOL_CONVERSION = YES;
				CLANG_WARN_COMMA = YES;
				CLANG_WARN_CONSTANT_CONVERSION = YES;
				CLANG_WARN_DEPRECATED_OBJC_IMPLEMENTATIONS = YES;
				CLANG_WARN_DIRECT_OBJC_ISA_USAGE = YES_ERROR;
				CLANG_WARN_DOCUMENTATION_COMMENTS = YES;
				CLANG_WARN_EMPTY_BODY = YES;
				CLANG_WARN_ENUM_CONVERSION = YES;
				CLANG_WARN_INFINITE_RECURSION = YES;
				CLANG_WARN_INT_CONVERSION = YES;
				CLANG_WARN_NON_LITERAL_NULL_CONVERSION = YES;
				CLANG_WARN_OBJC_IMPLICIT_RETAIN_SELF = YES;
				CLANG_WARN_OBJC_LITERAL_CONVERSION = YES;
				CLANG_WARN_OBJC_ROOT_CLASS = YES_ERROR;
				CLANG_WARN_RANGE_LOOP_ANALYSIS = YES;
				CLANG_WARN_STRICT_PROTOTYPES = YES;
				CLANG_WARN_SUSPICIOUS_MOVE = YES;
				CLANG_WARN_UNGUARDED_AVAILABILITY = YES_AGGRESSIVE;
				CLANG_WARN_UNREACHABLE_CODE = YES;
				CLANG_WARN__DUPLICATE_METHOD_MATCH = YES;
				CODE_SIGN_IDENTITY = "iPhone Developer";
				COPY_PHASE_STRIP = NO;
				DEBUG_INFORMATION_FORMAT = "dwarf-with-dsym";
				ENABLE_NS_ASSERTIONS = NO;
				ENABLE_STRICT_OBJC_MSGSEND = YES;
				GCC_C_LANGUAGE_STANDARD = gnu11;
				GCC_NO_COMMON_BLOCKS = YES;
				GCC_WARN_64_TO_32_BIT_CONVERSION = YES;
				GCC_WARN_ABOUT_RETURN_TYPE = YES_ERROR;
				GCC_WARN_UNDECLARED_SELECTOR = YES;
				GCC_WARN_UNINITIALIZED_AUTOS = YES_AGGRESSIVE;
				GCC_WARN_UNUSED_FUNCTION = YES;
				GCC_WARN_UNUSED_VARIABLE = YES;
				IPHONEOS_DEPLOYMENT_TARGET = 12.1;
				MTL_ENABLE_DEBUG_INFO = NO;
				MTL_FAST_MATH = YES;
				SDKROOT = iphoneos;
				VALIDATE_PRODUCT = YES;
			};
			name = Release;
		};
		655E5134222822CD0032E481 /* Debug */ = {
			isa = XCBuildConfiguration;
			buildSettings = {
				CODE_SIGN_IDENTITY = "Mac Developer";
				CODE_SIGN_STYLE = Automatic;
				DEVELOPMENT_TEAM = 8Y7626TS68;
				MACOSX_DEPLOYMENT_TARGET = 10.14;
				PRODUCT_NAME = "$(TARGET_NAME)";
				SDKROOT = macosx;
			};
			name = Debug;
		};
		655E5135222822CD0032E481 /* Release */ = {
			isa = XCBuildConfiguration;
			buildSettings = {
				CODE_SIGN_IDENTITY = "Mac Developer";
				CODE_SIGN_STYLE = Automatic;
				DEVELOPMENT_TEAM = 8Y7626TS68;
				MACOSX_DEPLOYMENT_TARGET = 10.14;
				PRODUCT_NAME = "$(TARGET_NAME)";
				SDKROOT = macosx;
			};
			name = Release;
		};
		656C3F48222EBF020011E91B /* Debug */ = {
			isa = XCBuildConfiguration;
			buildSettings = {
				CODE_SIGN_IDENTITY = "Mac Developer";
				CODE_SIGN_STYLE = Automatic;
				DEVELOPMENT_TEAM = 8Y7626TS68;
				MACOSX_DEPLOYMENT_TARGET = 10.14;
				PRODUCT_NAME = "$(TARGET_NAME)";
				SDKROOT = macosx;
			};
			name = Debug;
		};
		656C3F49222EBF020011E91B /* Release */ = {
			isa = XCBuildConfiguration;
			buildSettings = {
				CODE_SIGN_IDENTITY = "Mac Developer";
				CODE_SIGN_STYLE = Automatic;
				DEVELOPMENT_TEAM = 8Y7626TS68;
				MACOSX_DEPLOYMENT_TARGET = 10.14;
				PRODUCT_NAME = "$(TARGET_NAME)";
				SDKROOT = macosx;
			};
			name = Release;
		};
		656C3F57222ECD270011E91B /* Debug */ = {
			isa = XCBuildConfiguration;
			buildSettings = {
				CODE_SIGN_IDENTITY = "Mac Developer";
				CODE_SIGN_STYLE = Automatic;
				DEVELOPMENT_TEAM = 8Y7626TS68;
				MACOSX_DEPLOYMENT_TARGET = 10.14;
				PRODUCT_NAME = "$(TARGET_NAME)";
				SDKROOT = macosx;
			};
			name = Debug;
		};
		656C3F58222ECD270011E91B /* Release */ = {
			isa = XCBuildConfiguration;
			buildSettings = {
				CODE_SIGN_IDENTITY = "Mac Developer";
				CODE_SIGN_STYLE = Automatic;
				DEVELOPMENT_TEAM = 8Y7626TS68;
				MACOSX_DEPLOYMENT_TARGET = 10.14;
				PRODUCT_NAME = "$(TARGET_NAME)";
				SDKROOT = macosx;
			};
			name = Release;
		};
		658799B1222865E1004C2579 /* Debug */ = {
			isa = XCBuildConfiguration;
			buildSettings = {
				ASSETCATALOG_COMPILER_APPICON_NAME = AppIcon;
				CODE_SIGN_STYLE = Automatic;
				DEVELOPMENT_TEAM = 9QD6S4Z76L;
				INFOPLIST_FILE = IndexedBar/Info.plist;
				LD_RUNPATH_SEARCH_PATHS = (
					"$(inherited)",
					"@executable_path/Frameworks",
				);
				PRODUCT_BUNDLE_IDENTIFIER = Yi.IndexedBar;
				PRODUCT_NAME = "$(TARGET_NAME)";
				TARGETED_DEVICE_FAMILY = "1,2";
			};
			name = Debug;
		};
		658799B2222865E1004C2579 /* Release */ = {
			isa = XCBuildConfiguration;
			buildSettings = {
				ASSETCATALOG_COMPILER_APPICON_NAME = AppIcon;
				CODE_SIGN_STYLE = Automatic;
				DEVELOPMENT_TEAM = 9QD6S4Z76L;
				INFOPLIST_FILE = IndexedBar/Info.plist;
				LD_RUNPATH_SEARCH_PATHS = (
					"$(inherited)",
					"@executable_path/Frameworks",
				);
				PRODUCT_BUNDLE_IDENTIFIER = Yi.IndexedBar;
				PRODUCT_NAME = "$(TARGET_NAME)";
				TARGETED_DEVICE_FAMILY = "1,2";
			};
			name = Release;
		};
		6595B7C8222F491900D08570 /* Debug */ = {
			isa = XCBuildConfiguration;
			buildSettings = {
				CODE_SIGN_IDENTITY = "Mac Developer";
				CODE_SIGN_STYLE = Automatic;
				DEVELOPMENT_TEAM = 8Y7626TS68;
				MACOSX_DEPLOYMENT_TARGET = 10.14;
				PRODUCT_NAME = "$(TARGET_NAME)";
				SDKROOT = macosx;
			};
			name = Debug;
		};
		6595B7C9222F491900D08570 /* Release */ = {
			isa = XCBuildConfiguration;
			buildSettings = {
				CODE_SIGN_IDENTITY = "Mac Developer";
				CODE_SIGN_STYLE = Automatic;
				DEVELOPMENT_TEAM = 8Y7626TS68;
				MACOSX_DEPLOYMENT_TARGET = 10.14;
				PRODUCT_NAME = "$(TARGET_NAME)";
				SDKROOT = macosx;
			};
			name = Release;
		};
		6595B7DA222F4B1000D08570 /* Debug */ = {
			isa = XCBuildConfiguration;
			buildSettings = {
				CODE_SIGN_IDENTITY = "Mac Developer";
				CODE_SIGN_STYLE = Automatic;
				DEVELOPMENT_TEAM = 8Y7626TS68;
				MACOSX_DEPLOYMENT_TARGET = 10.14;
				PRODUCT_NAME = "$(TARGET_NAME)";
				SDKROOT = macosx;
			};
			name = Debug;
		};
		6595B7DB222F4B1000D08570 /* Release */ = {
			isa = XCBuildConfiguration;
			buildSettings = {
				CODE_SIGN_IDENTITY = "Mac Developer";
				CODE_SIGN_STYLE = Automatic;
				DEVELOPMENT_TEAM = 8Y7626TS68;
				MACOSX_DEPLOYMENT_TARGET = 10.14;
				PRODUCT_NAME = "$(TARGET_NAME)";
				SDKROOT = macosx;
			};
			name = Release;
		};
		6595B7E8222F50BE00D08570 /* Debug */ = {
			isa = XCBuildConfiguration;
			buildSettings = {
				CODE_SIGN_IDENTITY = "Mac Developer";
				CODE_SIGN_STYLE = Automatic;
				DEVELOPMENT_TEAM = 8Y7626TS68;
				MACOSX_DEPLOYMENT_TARGET = 10.14;
				PRODUCT_NAME = "$(TARGET_NAME)";
				SDKROOT = macosx;
			};
			name = Debug;
		};
		6595B7E9222F50BE00D08570 /* Release */ = {
			isa = XCBuildConfiguration;
			buildSettings = {
				CODE_SIGN_IDENTITY = "Mac Developer";
				CODE_SIGN_STYLE = Automatic;
				DEVELOPMENT_TEAM = 8Y7626TS68;
				MACOSX_DEPLOYMENT_TARGET = 10.14;
				PRODUCT_NAME = "$(TARGET_NAME)";
				SDKROOT = macosx;
			};
			name = Release;
		};
		65B7962B2228A2090010024F /* Debug */ = {
			isa = XCBuildConfiguration;
			buildSettings = {
				ASSETCATALOG_COMPILER_APPICON_NAME = AppIcon;
				CODE_SIGN_STYLE = Automatic;
				DEVELOPMENT_TEAM = 8Y7626TS68;
				INFOPLIST_FILE = Event/Info.plist;
				LD_RUNPATH_SEARCH_PATHS = (
					"$(inherited)",
					"@executable_path/Frameworks",
				);
				PRODUCT_BUNDLE_IDENTIFIER = Yi.Event;
				PRODUCT_NAME = "$(TARGET_NAME)";
				TARGETED_DEVICE_FAMILY = "1,2";
			};
			name = Debug;
		};
		65B7962C2228A2090010024F /* Release */ = {
			isa = XCBuildConfiguration;
			buildSettings = {
				ASSETCATALOG_COMPILER_APPICON_NAME = AppIcon;
				CODE_SIGN_STYLE = Automatic;
				DEVELOPMENT_TEAM = 8Y7626TS68;
				INFOPLIST_FILE = Event/Info.plist;
				LD_RUNPATH_SEARCH_PATHS = (
					"$(inherited)",
					"@executable_path/Frameworks",
				);
				PRODUCT_BUNDLE_IDENTIFIER = Yi.Event;
				PRODUCT_NAME = "$(TARGET_NAME)";
				TARGETED_DEVICE_FAMILY = "1,2";
			};
			name = Release;
		};
		65FCE131222BBB1200EABCFE /* Debug */ = {
			isa = XCBuildConfiguration;
			buildSettings = {
				ASSETCATALOG_COMPILER_APPICON_NAME = AppIcon;
				CODE_SIGN_STYLE = Automatic;
				DEVELOPMENT_TEAM = 8Y7626TS68;
				INFOPLIST_FILE = WeakNSTimer/Info.plist;
				LD_RUNPATH_SEARCH_PATHS = (
					"$(inherited)",
					"@executable_path/Frameworks",
				);
				PRODUCT_BUNDLE_IDENTIFIER = Yi.WeakNSTimer;
				PRODUCT_NAME = "$(TARGET_NAME)";
				TARGETED_DEVICE_FAMILY = "1,2";
			};
			name = Debug;
		};
		65FCE132222BBB1200EABCFE /* Release */ = {
			isa = XCBuildConfiguration;
			buildSettings = {
				ASSETCATALOG_COMPILER_APPICON_NAME = AppIcon;
				CODE_SIGN_STYLE = Automatic;
				DEVELOPMENT_TEAM = 8Y7626TS68;
				INFOPLIST_FILE = WeakNSTimer/Info.plist;
				LD_RUNPATH_SEARCH_PATHS = (
					"$(inherited)",
					"@executable_path/Frameworks",
				);
				PRODUCT_BUNDLE_IDENTIFIER = Yi.WeakNSTimer;
				PRODUCT_NAME = "$(TARGET_NAME)";
				TARGETED_DEVICE_FAMILY = "1,2";
			};
			name = Release;
		};
		65FCE142222C32C300EABCFE /* Debug */ = {
			isa = XCBuildConfiguration;
			buildSettings = {
				CODE_SIGN_IDENTITY = "Mac Developer";
				CODE_SIGN_STYLE = Automatic;
				DEVELOPMENT_TEAM = 8Y7626TS68;
				MACOSX_DEPLOYMENT_TARGET = 10.14;
				PRODUCT_NAME = "$(TARGET_NAME)";
				SDKROOT = macosx;
			};
			name = Debug;
		};
		65FCE143222C32C300EABCFE /* Release */ = {
			isa = XCBuildConfiguration;
			buildSettings = {
				CODE_SIGN_IDENTITY = "Mac Developer";
				CODE_SIGN_STYLE = Automatic;
				DEVELOPMENT_TEAM = 8Y7626TS68;
				MACOSX_DEPLOYMENT_TARGET = 10.14;
				PRODUCT_NAME = "$(TARGET_NAME)";
				SDKROOT = macosx;
			};
			name = Release;
		};
		65FCE14D222CB32D00EABCFE /* Debug */ = {
			isa = XCBuildConfiguration;
			buildSettings = {
				CODE_SIGN_IDENTITY = "Mac Developer";
				CODE_SIGN_STYLE = Automatic;
				DEVELOPMENT_TEAM = 8Y7626TS68;
				MACOSX_DEPLOYMENT_TARGET = 10.14;
				PRODUCT_NAME = "$(TARGET_NAME)";
				SDKROOT = macosx;
			};
			name = Debug;
		};
		65FCE14E222CB32D00EABCFE /* Release */ = {
			isa = XCBuildConfiguration;
			buildSettings = {
				CODE_SIGN_IDENTITY = "Mac Developer";
				CODE_SIGN_STYLE = Automatic;
				DEVELOPMENT_TEAM = 8Y7626TS68;
				MACOSX_DEPLOYMENT_TARGET = 10.14;
				PRODUCT_NAME = "$(TARGET_NAME)";
				SDKROOT = macosx;
			};
			name = Release;
		};
		65FCE15B222CB55F00EABCFE /* Debug */ = {
			isa = XCBuildConfiguration;
			buildSettings = {
				CODE_SIGN_IDENTITY = "Mac Developer";
				CODE_SIGN_STYLE = Automatic;
				DEVELOPMENT_TEAM = 8Y7626TS68;
				MACOSX_DEPLOYMENT_TARGET = 10.14;
				PRODUCT_NAME = "$(TARGET_NAME)";
				SDKROOT = macosx;
			};
			name = Debug;
		};
		65FCE15C222CB55F00EABCFE /* Release */ = {
			isa = XCBuildConfiguration;
			buildSettings = {
				CODE_SIGN_IDENTITY = "Mac Developer";
				CODE_SIGN_STYLE = Automatic;
				DEVELOPMENT_TEAM = 8Y7626TS68;
				MACOSX_DEPLOYMENT_TARGET = 10.14;
				PRODUCT_NAME = "$(TARGET_NAME)";
				SDKROOT = macosx;
			};
			name = Release;
		};
/* End XCBuildConfiguration section */

/* Begin XCConfigurationList section */
		65125060222A19CB00F9D461 /* Build configuration list for PBXNativeTarget "KVO_TEST" */ = {
			isa = XCConfigurationList;
			buildConfigurations = (
				6512505E222A19CB00F9D461 /* Debug */,
				6512505F222A19CB00F9D461 /* Release */,
			);
			defaultConfigurationIsVisible = 0;
			defaultConfigurationName = Release;
		};
		6512507E222A827900F9D461 /* Build configuration list for PBXNativeTarget "RuntimeTest" */ = {
			isa = XCConfigurationList;
			buildConfigurations = (
				6512507F222A827900F9D461 /* Debug */,
				65125080222A827900F9D461 /* Release */,
			);
			defaultConfigurationIsVisible = 0;
			defaultConfigurationName = Release;
		};
		655E510D222822B20032E481 /* Build configuration list for PBXProject "iOSInterview" */ = {
			isa = XCConfigurationList;
			buildConfigurations = (
				655E5126222822B30032E481 /* Debug */,
				655E5127222822B30032E481 /* Release */,
			);
			defaultConfigurationIsVisible = 0;
			defaultConfigurationName = Release;
		};
		655E5133222822CD0032E481 /* Build configuration list for PBXNativeTarget "CodingStyle" */ = {
			isa = XCConfigurationList;
			buildConfigurations = (
				655E5134222822CD0032E481 /* Debug */,
				655E5135222822CD0032E481 /* Release */,
			);
			defaultConfigurationIsVisible = 0;
			defaultConfigurationName = Release;
		};
		656C3F4A222EBF020011E91B /* Build configuration list for PBXNativeTarget "Responder" */ = {
			isa = XCConfigurationList;
			buildConfigurations = (
				656C3F48222EBF020011E91B /* Debug */,
				656C3F49222EBF020011E91B /* Release */,
			);
			defaultConfigurationIsVisible = 0;
			defaultConfigurationName = Release;
		};
		656C3F56222ECD270011E91B /* Build configuration list for PBXNativeTarget "Bridge" */ = {
			isa = XCConfigurationList;
			buildConfigurations = (
				656C3F57222ECD270011E91B /* Debug */,
				656C3F58222ECD270011E91B /* Release */,
			);
			defaultConfigurationIsVisible = 0;
			defaultConfigurationName = Release;
		};
		658799B3222865E1004C2579 /* Build configuration list for PBXNativeTarget "IndexedBar" */ = {
			isa = XCConfigurationList;
			buildConfigurations = (
				658799B1222865E1004C2579 /* Debug */,
				658799B2222865E1004C2579 /* Release */,
			);
			defaultConfigurationIsVisible = 0;
			defaultConfigurationName = Release;
		};
		6595B7CA222F491900D08570 /* Build configuration list for PBXNativeTarget "Adapter" */ = {
			isa = XCConfigurationList;
			buildConfigurations = (
				6595B7C8222F491900D08570 /* Debug */,
				6595B7C9222F491900D08570 /* Release */,
			);
			defaultConfigurationIsVisible = 0;
			defaultConfigurationName = Release;
		};
		6595B7D9222F4B1000D08570 /* Build configuration list for PBXNativeTarget "SingleInstance" */ = {
			isa = XCConfigurationList;
			buildConfigurations = (
				6595B7DA222F4B1000D08570 /* Debug */,
				6595B7DB222F4B1000D08570 /* Release */,
			);
			defaultConfigurationIsVisible = 0;
			defaultConfigurationName = Release;
		};
		6595B7E7222F50BE00D08570 /* Build configuration list for PBXNativeTarget "Command" */ = {
			isa = XCConfigurationList;
			buildConfigurations = (
				6595B7E8222F50BE00D08570 /* Debug */,
				6595B7E9222F50BE00D08570 /* Release */,
			);
			defaultConfigurationIsVisible = 0;
			defaultConfigurationName = Release;
		};
		65B7962A2228A2090010024F /* Build configuration list for PBXNativeTarget "Event" */ = {
			isa = XCConfigurationList;
			buildConfigurations = (
				65B7962B2228A2090010024F /* Debug */,
				65B7962C2228A2090010024F /* Release */,
			);
			defaultConfigurationIsVisible = 0;
			defaultConfigurationName = Release;
		};
		65FCE133222BBB1200EABCFE /* Build configuration list for PBXNativeTarget "WeakNSTimer" */ = {
			isa = XCConfigurationList;
			buildConfigurations = (
				65FCE131222BBB1200EABCFE /* Debug */,
				65FCE132222BBB1200EABCFE /* Release */,
			);
			defaultConfigurationIsVisible = 0;
			defaultConfigurationName = Release;
		};
		65FCE141222C32C300EABCFE /* Build configuration list for PBXNativeTarget "Block" */ = {
			isa = XCConfigurationList;
			buildConfigurations = (
				65FCE142222C32C300EABCFE /* Debug */,
				65FCE143222C32C300EABCFE /* Release */,
			);
			defaultConfigurationIsVisible = 0;
			defaultConfigurationName = Release;
		};
		65FCE14C222CB32D00EABCFE /* Build configuration list for PBXNativeTarget "Barrier" */ = {
			isa = XCConfigurationList;
			buildConfigurations = (
				65FCE14D222CB32D00EABCFE /* Debug */,
				65FCE14E222CB32D00EABCFE /* Release */,
			);
			defaultConfigurationIsVisible = 0;
			defaultConfigurationName = Release;
		};
		65FCE15A222CB55F00EABCFE /* Build configuration list for PBXNativeTarget "Group" */ = {
			isa = XCConfigurationList;
			buildConfigurations = (
				65FCE15B222CB55F00EABCFE /* Debug */,
				65FCE15C222CB55F00EABCFE /* Release */,
			);
			defaultConfigurationIsVisible = 0;
			defaultConfigurationName = Release;
		};
/* End XCConfigurationList section */
	};
	rootObject = 655E510A222822B20032E481 /* Project object */;
}
